// !$*UTF8*$!
{
	archiveVersion = 1;
	classes = {
	};
	objectVersion = 46;
	objects = {

/* Begin PBXBuildFile section */
		C0EE93A31D123C4800D30368 /* main.m in Sources */ = {isa = PBXBuildFile; fileRef = C0EE93A21D123C4800D30368 /* main.m */; };
		C0EE93A61D123C4800D30368 /* AppDelegate.m in Sources */ = {isa = PBXBuildFile; fileRef = C0EE93A51D123C4800D30368 /* AppDelegate.m */; };
		C0EE93AC1D123C4800D30368 /* Main.storyboard in Resources */ = {isa = PBXBuildFile; fileRef = C0EE93AA1D123C4800D30368 /* Main.storyboard */; };
		C0EE93AE1D123C4800D30368 /* Assets.xcassets in Resources */ = {isa = PBXBuildFile; fileRef = C0EE93AD1D123C4800D30368 /* Assets.xcassets */; };
		C0EE93B11D123C4800D30368 /* LaunchScreen.storyboard in Resources */ = {isa = PBXBuildFile; fileRef = C0EE93AF1D123C4800D30368 /* LaunchScreen.storyboard */; };
		C0EE93BA1D1240BE00D30368 /* MyTableViewController.m in Sources */ = {isa = PBXBuildFile; fileRef = C0EE93B91D1240BE00D30368 /* MyTableViewController.m */; };
		C0EE93BD1D1240DE00D30368 /* MyTableViewCell.m in Sources */ = {isa = PBXBuildFile; fileRef = C0EE93BC1D1240DE00D30368 /* MyTableViewCell.m */; };
		C0EE93C71D12456E00D30368 /* 하연수1.jpg in Resources */ = {isa = PBXBuildFile; fileRef = C0EE93BF1D12456E00D30368 /* 하연수1.jpg */; };
		C0EE93C81D12456E00D30368 /* 하연수2.jpg in Resources */ = {isa = PBXBuildFile; fileRef = C0EE93C01D12456E00D30368 /* 하연수2.jpg */; };
		C0EE93C91D12456E00D30368 /* 하연수3.png in Resources */ = {isa = PBXBuildFile; fileRef = C0EE93C11D12456E00D30368 /* 하연수3.png */; };
		C0EE93CA1D12456E00D30368 /* 하연수4.jpg in Resources */ = {isa = PBXBuildFile; fileRef = C0EE93C21D12456E00D30368 /* 하연수4.jpg */; };
		C0EE93CB1D12456E00D30368 /* 하연수5.jpg in Resources */ = {isa = PBXBuildFile; fileRef = C0EE93C31D12456E00D30368 /* 하연수5.jpg */; };
		C0EE93CC1D12456E00D30368 /* 하연수6.gif in Resources */ = {isa = PBXBuildFile; fileRef = C0EE93C41D12456E00D30368 /* 하연수6.gif */; };
		C0EE93CD1D12456E00D30368 /* 하연수7.jpg in Resources */ = {isa = PBXBuildFile; fileRef = C0EE93C51D12456E00D30368 /* 하연수7.jpg */; };
		C0EE93CE1D12456E00D30368 /* 하연수8.jpg in Resources */ = {isa = PBXBuildFile; fileRef = C0EE93C61D12456E00D30368 /* 하연수8.jpg */; };
		C0EE93D11D124B9800D30368 /* MyDetailViewController.m in Sources */ = {isa = PBXBuildFile; fileRef = C0EE93D01D124B9800D30368 /* MyDetailViewController.m */; };
/* End PBXBuildFile section */

/* Begin PBXFileReference section */
		C0EE939E1D123C4800D30368 /* TableViewExample2.app */ = {isa = PBXFileReference; explicitFileType = wrapper.application; includeInIndex = 0; path = TableViewExample2.app; sourceTree = BUILT_PRODUCTS_DIR; };
		C0EE93A21D123C4800D30368 /* main.m */ = {isa = PBXFileReference; lastKnownFileType = sourcecode.c.objc; path = main.m; sourceTree = "<group>"; };
		C0EE93A41D123C4800D30368 /* AppDelegate.h */ = {isa = PBXFileReference; lastKnownFileType = sourcecode.c.h; path = AppDelegate.h; sourceTree = "<group>"; };
		C0EE93A51D123C4800D30368 /* AppDelegate.m */ = {isa = PBXFileReference; lastKnownFileType = sourcecode.c.objc; path = AppDelegate.m; sourceTree = "<group>"; };
		C0EE93AB1D123C4800D30368 /* Base */ = {isa = PBXFileReference; lastKnownFileType = file.storyboard; name = Base; path = Base.lproj/Main.storyboard; sourceTree = "<group>"; };
		C0EE93AD1D123C4800D30368 /* Assets.xcassets */ = {isa = PBXFileReference; lastKnownFileType = folder.assetcatalog; path = Assets.xcassets; sourceTree = "<group>"; };
		C0EE93B01D123C4800D30368 /* Base */ = {isa = PBXFileReference; lastKnownFileType = file.storyboard; name = Base; path = Base.lproj/LaunchScreen.storyboard; sourceTree = "<group>"; };
		C0EE93B21D123C4800D30368 /* Info.plist */ = {isa = PBXFileReference; lastKnownFileType = text.plist.xml; path = Info.plist; sourceTree = "<group>"; };
		C0EE93B81D1240BE00D30368 /* MyTableViewController.h */ = {isa = PBXFileReference; fileEncoding = 4; lastKnownFileType = sourcecode.c.h; path = MyTableViewController.h; sourceTree = "<group>"; };
		C0EE93B91D1240BE00D30368 /* MyTableViewController.m */ = {isa = PBXFileReference; fileEncoding = 4; lastKnownFileType = sourcecode.c.objc; path = MyTableViewController.m; sourceTree = "<group>"; };
		C0EE93BB1D1240DE00D30368 /* MyTableViewCell.h */ = {isa = PBXFileReference; fileEncoding = 4; lastKnownFileType = sourcecode.c.h; path = MyTableViewCell.h; sourceTree = "<group>"; };
		C0EE93BC1D1240DE00D30368 /* MyTableViewCell.m */ = {isa = PBXFileReference; fileEncoding = 4; lastKnownFileType = sourcecode.c.objc; path = MyTableViewCell.m; sourceTree = "<group>"; };
		C0EE93BF1D12456E00D30368 /* 하연수1.jpg */ = {isa = PBXFileReference; lastKnownFileType = image.jpeg; path = "하연수1.jpg"; sourceTree = "<group>"; };
		C0EE93C01D12456E00D30368 /* 하연수2.jpg */ = {isa = PBXFileReference; lastKnownFileType = image.jpeg; path = "하연수2.jpg"; sourceTree = "<group>"; };
		C0EE93C11D12456E00D30368 /* 하연수3.png */ = {isa = PBXFileReference; lastKnownFileType = image.png; path = "하연수3.png"; sourceTree = "<group>"; };
		C0EE93C21D12456E00D30368 /* 하연수4.jpg */ = {isa = PBXFileReference; lastKnownFileType = image.jpeg; path = "하연수4.jpg"; sourceTree = "<group>"; };
		C0EE93C31D12456E00D30368 /* 하연수5.jpg */ = {isa = PBXFileReference; lastKnownFileType = image.jpeg; path = "하연수5.jpg"; sourceTree = "<group>"; };
		C0EE93C41D12456E00D30368 /* 하연수6.gif */ = {isa = PBXFileReference; lastKnownFileType = image.gif; path = "하연수6.gif"; sourceTree = "<group>"; };
		C0EE93C51D12456E00D30368 /* 하연수7.jpg */ = {isa = PBXFileReference; lastKnownFileType = image.jpeg; path = "하연수7.jpg"; sourceTree = "<group>"; };
		C0EE93C61D12456E00D30368 /* 하연수8.jpg */ = {isa = PBXFileReference; lastKnownFileType = image.jpeg; path = "하연수8.jpg"; sourceTree = "<group>"; };
		C0EE93CF1D124B9800D30368 /* MyDetailViewController.h */ = {isa = PBXFileReference; fileEncoding = 4; lastKnownFileType = sourcecode.c.h; path = MyDetailViewController.h; sourceTree = "<group>"; };
		C0EE93D01D124B9800D30368 /* MyDetailViewController.m */ = {isa = PBXFileReference; fileEncoding = 4; lastKnownFileType = sourcecode.c.objc; path = MyDetailViewController.m; sourceTree = "<group>"; };
/* End PBXFileReference section */

/* Begin PBXFrameworksBuildPhase section */
		C0EE939B1D123C4800D30368 /* Frameworks */ = {
			isa = PBXFrameworksBuildPhase;
			buildActionMask = 2147483647;
			files = (
			);
			runOnlyForDeploymentPostprocessing = 0;
		};
/* End PBXFrameworksBuildPhase section */

/* Begin PBXGroup section */
		C0EE93951D123C4800D30368 = {
			isa = PBXGroup;
			children = (
				C0EE93A01D123C4800D30368 /* TableViewExample2 */,
				C0EE939F1D123C4800D30368 /* Products */,
			);
			sourceTree = "<group>";
		};
		C0EE939F1D123C4800D30368 /* Products */ = {
			isa = PBXGroup;
			children = (
				C0EE939E1D123C4800D30368 /* TableViewExample2.app */,
			);
			name = Products;
			sourceTree = "<group>";
		};
		C0EE93A01D123C4800D30368 /* TableViewExample2 */ = {
			isa = PBXGroup;
			children = (
				C0EE93BE1D1244D400D30368 /* Image */,
				C0EE93A41D123C4800D30368 /* AppDelegate.h */,
				C0EE93A51D123C4800D30368 /* AppDelegate.m */,
				C0EE93B81D1240BE00D30368 /* MyTableViewController.h */,
				C0EE93B91D1240BE00D30368 /* MyTableViewController.m */,
				C0EE93BB1D1240DE00D30368 /* MyTableViewCell.h */,
				C0EE93BC1D1240DE00D30368 /* MyTableViewCell.m */,
				C0EE93CF1D124B9800D30368 /* MyDetailViewController.h */,
				C0EE93D01D124B9800D30368 /* MyDetailViewController.m */,
				C0EE93AA1D123C4800D30368 /* Main.storyboard */,
				C0EE93AD1D123C4800D30368 /* Assets.xcassets */,
				C0EE93AF1D123C4800D30368 /* LaunchScreen.storyboard */,
				C0EE93B21D123C4800D30368 /* Info.plist */,
				C0EE93A11D123C4800D30368 /* Supporting Files */,
			);
			path = TableViewExample2;
			sourceTree = "<group>";
		};
		C0EE93A11D123C4800D30368 /* Supporting Files */ = {
			isa = PBXGroup;
			children = (
				C0EE93A21D123C4800D30368 /* main.m */,
			);
			name = "Supporting Files";
			sourceTree = "<group>";
		};
		C0EE93BE1D1244D400D30368 /* Image */ = {
			isa = PBXGroup;
			children = (
				C0EE93BF1D12456E00D30368 /* 하연수1.jpg */,
				C0EE93C01D12456E00D30368 /* 하연수2.jpg */,
				C0EE93C11D12456E00D30368 /* 하연수3.png */,
				C0EE93C21D12456E00D30368 /* 하연수4.jpg */,
				C0EE93C31D12456E00D30368 /* 하연수5.jpg */,
				C0EE93C41D12456E00D30368 /* 하연수6.gif */,
				C0EE93C51D12456E00D30368 /* 하연수7.jpg */,
				C0EE93C61D12456E00D30368 /* 하연수8.jpg */,
			);
			name = Image;
			sourceTree = "<group>";
		};
/* End PBXGroup section */

/* Begin PBXNativeTarget section */
		C0EE939D1D123C4800D30368 /* TableViewExample2 */ = {
			isa = PBXNativeTarget;
			buildConfigurationList = C0EE93B51D123C4800D30368 /* Build configuration list for PBXNativeTarget "TableViewExample2" */;
			buildPhases = (
				C0EE939A1D123C4800D30368 /* Sources */,
				C0EE939B1D123C4800D30368 /* Frameworks */,
				C0EE939C1D123C4800D30368 /* Resources */,
			);
			buildRules = (
			);
			dependencies = (
			);
			name = TableViewExample2;
			productName = TableViewExample2;
			productReference = C0EE939E1D123C4800D30368 /* TableViewExample2.app */;
			productType = "com.apple.product-type.application";
		};
/* End PBXNativeTarget section */

/* Begin PBXProject section */
		C0EE93961D123C4800D30368 /* Project object */ = {
			isa = PBXProject;
			attributes = {
				LastUpgradeCheck = 0730;
				ORGANIZATIONNAME = Ubinet;
				TargetAttributes = {
					C0EE939D1D123C4800D30368 = {
						CreatedOnToolsVersion = 7.3;
						DevelopmentTeam = 3974CU6H64;
					};
				};
			};
			buildConfigurationList = C0EE93991D123C4800D30368 /* Build configuration list for PBXProject "TableViewExample2" */;
			compatibilityVersion = "Xcode 3.2";
			developmentRegion = English;
			hasScannedForEncodings = 0;
			knownRegions = (
				en,
				Base,
			);
			mainGroup = C0EE93951D123C4800D30368;
			productRefGroup = C0EE939F1D123C4800D30368 /* Products */;
			projectDirPath = "";
			projectRoot = "";
			targets = (
				C0EE939D1D123C4800D30368 /* TableViewExample2 */,
			);
		};
/* End PBXProject section */

/* Begin PBXResourcesBuildPhase section */
		C0EE939C1D123C4800D30368 /* Resources */ = {
			isa = PBXResourcesBuildPhase;
			buildActionMask = 2147483647;
			files = (
				C0EE93B11D123C4800D30368 /* LaunchScreen.storyboard in Resources */,
				C0EE93CC1D12456E00D30368 /* 하연수6.gif in Resources */,
				C0EE93AE1D123C4800D30368 /* Assets.xcassets in Resources */,
				C0EE93CE1D12456E00D30368 /* 하연수8.jpg in Resources */,
				C0EE93CA1D12456E00D30368 /* 하연수4.jpg in Resources */,
				C0EE93C81D12456E00D30368 /* 하연수2.jpg in Resources */,
				C0EE93AC1D123C4800D30368 /* Main.storyboard in Resources */,
				C0EE93C71D12456E00D30368 /* 하연수1.jpg in Resources */,
				C0EE93CD1D12456E00D30368 /* 하연수7.jpg in Resources */,
				C0EE93C91D12456E00D30368 /* 하연수3.png in Resources */,
				C0EE93CB1D12456E00D30368 /* 하연수5.jpg in Resources */,
			);
			runOnlyForDeploymentPostprocessing = 0;
		};
/* End PBXResourcesBuildPhase section */

/* Begin PBXSourcesBuildPhase section */
		C0EE939A1D123C4800D30368 /* Sources */ = {
			isa = PBXSourcesBuildPhase;
			buildActionMask = 2147483647;
			files = (
				C0EE93BA1D1240BE00D30368 /* MyTableViewController.m in Sources */,
				C0EE93D11D124B9800D30368 /* MyDetailViewController.m in Sources */,
				C0EE93BD1D1240DE00D30368 /* MyTableViewCell.m in Sources */,
				C0EE93A61D123C4800D30368 /* AppDelegate.m in Sources */,
				C0EE93A31D123C4800D30368 /* main.m in Sources */,
			);
			runOnlyForDeploymentPostprocessing = 0;
		};
/* End PBXSourcesBuildPhase section */

/* Begin PBXVariantGroup section */
		C0EE93AA1D123C4800D30368 /* Main.storyboard */ = {
			isa = PBXVariantGroup;
			children = (
				C0EE93AB1D123C4800D30368 /* Base */,
			);
			name = Main.storyboard;
			sourceTree = "<group>";
		};
		C0EE93AF1D123C4800D30368 /* LaunchScreen.storyboard */ = {
			isa = PBXVariantGroup;
			children = (
				C0EE93B01D123C4800D30368 /* Base */,
			);
			name = LaunchScreen.storyboard;
			sourceTree = "<group>";
		};
/* End PBXVariantGroup section */

/* Begin XCBuildConfiguration section */
		C0EE93B31D123C4800D30368 /* Debug */ = {
			isa = XCBuildConfiguration;
			buildSettings = {
				ALWAYS_SEARCH_USER_PATHS = NO;
				CLANG_ANALYZER_NONNULL = YES;
				CLANG_CXX_LANGUAGE_STANDARD = "gnu++0x";
				CLANG_CXX_LIBRARY = "libc++";
				CLANG_ENABLE_MODULES = YES;
				CLANG_ENABLE_OBJC_ARC = YES;
				CLANG_WARN_BOOL_CONVERSION = YES;
				CLANG_WARN_CONSTANT_CONVERSION = YES;
				CLANG_WARN_DIRECT_OBJC_ISA_USAGE = YES_ERROR;
				CLANG_WARN_EMPTY_BODY = YES;
				CLANG_WARN_ENUM_CONVERSION = YES;
				CLANG_WARN_INT_CONVERSION = YES;
				CLANG_WARN_OBJC_ROOT_CLASS = YES_ERROR;
				CLANG_WARN_UNREACHABLE_CODE = YES;
				CLANG_WARN__DUPLICATE_METHOD_MATCH = YES;
				"CODE_SIGN_IDENTITY[sdk=iphoneos*]" = "iPhone Developer";
				COPY_PHASE_STRIP = NO;
				DEBUG_INFORMATION_FORMAT = dwarf;
				ENABLE_STRICT_OBJC_MSGSEND = YES;
				ENABLE_TESTABILITY = YES;
				GCC_C_LANGUAGE_STANDARD = gnu99;
				GCC_DYNAMIC_NO_PIC = NO;
				GCC_NO_COMMON_BLOCKS = YES;
				GCC_OPTIMIZATION_LEVEL = 0;
				GCC_PREPROCESSOR_DEFINITIONS = (
					"DEBUG=1",
					"$(inherited)",
				);
				GCC_WARN_64_TO_32_BIT_CONVERSION = YES;
				GCC_WARN_ABOUT_RETURN_TYPE = YES_ERROR;
				GCC_WARN_UNDECLARED_SELECTOR = YES;
				GCC_WARN_UNINITIALIZED_AUTOS = YES_AGGRESSIVE;
				GCC_WARN_UNUSED_FUNCTION = YES;
				GCC_WARN_UNUSED_VARIABLE = YES;
				IPHONEOS_DEPLOYMENT_TARGET = 9.3;
				MTL_ENABLE_DEBUG_INFO = YES;
				ONLY_ACTIVE_ARCH = YES;
				SDKROOT = iphoneos;
				TARGETED_DEVICE_FAMILY = "1,2";
			};
			name = Debug;
		};
		C0EE93B41D123C4800D30368 /* Release */ = {
			isa = XCBuildConfiguration;
			buildSettings = {
				ALWAYS_SEARCH_USER_PATHS = NO;
				CLANG_ANALYZER_NONNULL = YES;
				CLANG_CXX_LANGUAGE_STANDARD = "gnu++0x";
				CLANG_CXX_LIBRARY = "libc++";
				CLANG_ENABLE_MODULES = YES;
				CLANG_ENABLE_OBJC_ARC = YES;
				CLANG_WARN_BOOL_CONVERSION = YES;
				CLANG_WARN_CONSTANT_CONVERSION = YES;
				CLANG_WARN_DIRECT_OBJC_ISA_USAGE = YES_ERROR;
				CLANG_WARN_EMPTY_BODY = YES;
				CLANG_WARN_ENUM_CONVERSION = YES;
				CLANG_WARN_INT_CONVERSION = YES;
				CLANG_WARN_OBJC_ROOT_CLASS = YES_ERROR;
				CLANG_WARN_UNREACHABLE_CODE = YES;
				CLANG_WARN__DUPLICATE_METHOD_MATCH = YES;
				"CODE_SIGN_IDENTITY[sdk=iphoneos*]" = "iPhone Developer";
				COPY_PHASE_STRIP = NO;
				DEBUG_INFORMATION_FORMAT = "dwarf-with-dsym";
				ENABLE_NS_ASSERTIONS = NO;
				ENABLE_STRICT_OBJC_MSGSEND = YES;
				GCC_C_LANGUAGE_STANDARD = gnu99;
				GCC_NO_COMMON_BLOCKS = YES;
				GCC_WARN_64_TO_32_BIT_CONVERSION = YES;
				GCC_WARN_ABOUT_RETURN_TYPE = YES_ERROR;
				GCC_WARN_UNDECLARED_SELECTOR = YES;
				GCC_WARN_UNINITIALIZED_AUTOS = YES_AGGRESSIVE;
				GCC_WARN_UNUSED_FUNCTION = YES;
				GCC_WARN_UNUSED_VARIABLE = YES;
				IPHONEOS_DEPLOYMENT_TARGET = 9.3;
				MTL_ENABLE_DEBUG_INFO = NO;
				SDKROOT = iphoneos;
				TARGETED_DEVICE_FAMILY = "1,2";
				VALIDATE_PRODUCT = YES;
			};
			name = Release;
		};
		C0EE93B61D123C4800D30368 /* Debug */ = {
			isa = XCBuildConfiguration;
			buildSettings = {
				ASSETCATALOG_COMPILER_APPICON_NAME = AppIcon;
				INFOPLIST_FILE = TableViewExample2/Info.plist;
				LD_RUNPATH_SEARCH_PATHS = "$(inherited) @executable_path/Frameworks";
				PRODUCT_BUNDLE_IDENTIFIER = com.test.TableViewExample2;
				PRODUCT_NAME = "$(TARGET_NAME)";
			};
			name = Debug;
		};
		C0EE93B71D123C4800D30368 /* Release */ = {
			isa = XCBuildConfiguration;
			buildSettings = {
				ASSETCATALOG_COMPILER_APPICON_NAME = AppIcon;
				INFOPLIST_FILE = TableViewExample2/Info.plist;
				LD_RUNPATH_SEARCH_PATHS = "$(inherited) @executable_path/Frameworks";
				PRODUCT_BUNDLE_IDENTIFIER = com.test.TableViewExample2;
				PRODUCT_NAME = "$(TARGET_NAME)";
			};
			name = Release;
		};
/* End XCBuildConfiguration section */

/* Begin XCConfigurationList section */
		C0EE93991D123C4800D30368 /* Build configuration list for PBXProject "TableViewExample2" */ = {
			isa = XCConfigurationList;
			buildConfigurations = (
				C0EE93B31D123C4800D30368 /* Debug */,
				C0EE93B41D123C4800D30368 /* Release */,
			);
			defaultConfigurationIsVisible = 0;
			defaultConfigurationName = Release;
		};
		C0EE93B51D123C4800D30368 /* Build configuration list for PBXNativeTarget "TableViewExample2" */ = {
			isa = XCConfigurationList;
			buildConfigurations = (
				C0EE93B61D123C4800D30368 /* Debug */,
				C0EE93B71D123C4800D30368 /* Release */,
			);
			defaultConfigurationIsVisible = 0;
			defaultConfigurationName = Release;
		};
/* End XCConfigurationList section */
	};
	rootObject = C0EE93961D123C4800D30368 /* Project object */;
}
