// !$*UTF8*$!
{
	archiveVersion = 1;
	classes = {
	};
	objectVersion = 46;
	objects = {

/* Begin PBXBuildFile section */
		C0EF43DB1D011C3800229DC2 /* main.m in Sources */ = {isa = PBXBuildFile; fileRef = C0EF43DA1D011C3800229DC2 /* main.m */; };
		C0EF43E31D011C4D00229DC2 /* Person.m in Sources */ = {isa = PBXBuildFile; fileRef = C0EF43E21D011C4D00229DC2 /* Person.m */; };
		C0EF43EA1D011D1200229DC2 /* FastcampusInstructor.m in Sources */ = {isa = PBXBuildFile; fileRef = C0EF43E91D011D1200229DC2 /* FastcampusInstructor.m */; };
		C0EF43ED1D011E8300229DC2 /* SchoolTeacher.m in Sources */ = {isa = PBXBuildFile; fileRef = C0EF43EC1D011E8300229DC2 /* SchoolTeacher.m */; };
/* End PBXBuildFile section */

/* Begin PBXCopyFilesBuildPhase section */
		C0EF43D51D011C3800229DC2 /* CopyFiles */ = {
			isa = PBXCopyFilesBuildPhase;
			buildActionMask = 2147483647;
			dstPath = /usr/share/man/man1/;
			dstSubfolderSpec = 0;
			files = (
			);
			runOnlyForDeploymentPostprocessing = 1;
		};
/* End PBXCopyFilesBuildPhase section */

/* Begin PBXFileReference section */
		C0EF43D71D011C3800229DC2 /* Test0603 */ = {isa = PBXFileReference; explicitFileType = "compiled.mach-o.executable"; includeInIndex = 0; path = Test0603; sourceTree = BUILT_PRODUCTS_DIR; };
		C0EF43DA1D011C3800229DC2 /* main.m */ = {isa = PBXFileReference; lastKnownFileType = sourcecode.c.objc; path = main.m; sourceTree = "<group>"; };
		C0EF43E11D011C4D00229DC2 /* Person.h */ = {isa = PBXFileReference; fileEncoding = 4; lastKnownFileType = sourcecode.c.h; path = Person.h; sourceTree = "<group>"; };
		C0EF43E21D011C4D00229DC2 /* Person.m */ = {isa = PBXFileReference; fileEncoding = 4; lastKnownFileType = sourcecode.c.objc; path = Person.m; sourceTree = "<group>"; };
		C0EF43E41D011C6C00229DC2 /* Teacher.h */ = {isa = PBXFileReference; fileEncoding = 4; lastKnownFileType = sourcecode.c.h; path = Teacher.h; sourceTree = "<group>"; };
		C0EF43E81D011D1200229DC2 /* FastcampusInstructor.h */ = {isa = PBXFileReference; fileEncoding = 4; lastKnownFileType = sourcecode.c.h; path = FastcampusInstructor.h; sourceTree = "<group>"; };
		C0EF43E91D011D1200229DC2 /* FastcampusInstructor.m */ = {isa = PBXFileReference; fileEncoding = 4; lastKnownFileType = sourcecode.c.objc; path = FastcampusInstructor.m; sourceTree = "<group>"; };
		C0EF43EB1D011E8300229DC2 /* SchoolTeacher.h */ = {isa = PBXFileReference; fileEncoding = 4; lastKnownFileType = sourcecode.c.h; path = SchoolTeacher.h; sourceTree = "<group>"; };
		C0EF43EC1D011E8300229DC2 /* SchoolTeacher.m */ = {isa = PBXFileReference; fileEncoding = 4; lastKnownFileType = sourcecode.c.objc; path = SchoolTeacher.m; sourceTree = "<group>"; };
/* End PBXFileReference section */

/* Begin PBXFrameworksBuildPhase section */
		C0EF43D41D011C3800229DC2 /* Frameworks */ = {
			isa = PBXFrameworksBuildPhase;
			buildActionMask = 2147483647;
			files = (
			);
			runOnlyForDeploymentPostprocessing = 0;
		};
/* End PBXFrameworksBuildPhase section */

/* Begin PBXGroup section */
		C0EF43CE1D011C3800229DC2 = {
			isa = PBXGroup;
			children = (
				C0EF43D91D011C3800229DC2 /* Test0603 */,
				C0EF43D81D011C3800229DC2 /* Products */,
			);
			sourceTree = "<group>";
		};
		C0EF43D81D011C3800229DC2 /* Products */ = {
			isa = PBXGroup;
			children = (
				C0EF43D71D011C3800229DC2 /* Test0603 */,
			);
			name = Products;
			sourceTree = "<group>";
		};
		C0EF43D91D011C3800229DC2 /* Test0603 */ = {
			isa = PBXGroup;
			children = (
				C0EF43DA1D011C3800229DC2 /* main.m */,
				C0EF43E11D011C4D00229DC2 /* Person.h */,
				C0EF43E21D011C4D00229DC2 /* Person.m */,
				C0EF43E41D011C6C00229DC2 /* Teacher.h */,
				C0EF43E81D011D1200229DC2 /* FastcampusInstructor.h */,
				C0EF43E91D011D1200229DC2 /* FastcampusInstructor.m */,
				C0EF43EB1D011E8300229DC2 /* SchoolTeacher.h */,
				C0EF43EC1D011E8300229DC2 /* SchoolTeacher.m */,
			);
			path = Test0603;
			sourceTree = "<group>";
		};
/* End PBXGroup section */

/* Begin PBXNativeTarget section */
		C0EF43D61D011C3800229DC2 /* Test0603 */ = {
			isa = PBXNativeTarget;
			buildConfigurationList = C0EF43DE1D011C3800229DC2 /* Build configuration list for PBXNativeTarget "Test0603" */;
			buildPhases = (
				C0EF43D31D011C3800229DC2 /* Sources */,
				C0EF43D41D011C3800229DC2 /* Frameworks */,
				C0EF43D51D011C3800229DC2 /* CopyFiles */,
			);
			buildRules = (
			);
			dependencies = (
			);
			name = Test0603;
			productName = Test0603;
			productReference = C0EF43D71D011C3800229DC2 /* Test0603 */;
			productType = "com.apple.product-type.tool";
		};
/* End PBXNativeTarget section */

/* Begin PBXProject section */
		C0EF43CF1D011C3800229DC2 /* Project object */ = {
			isa = PBXProject;
			attributes = {
				LastUpgradeCheck = 0730;
				ORGANIZATIONNAME = Ubinet;
				TargetAttributes = {
					C0EF43D61D011C3800229DC2 = {
						CreatedOnToolsVersion = 7.3;
					};
				};
			};
			buildConfigurationList = C0EF43D21D011C3800229DC2 /* Build configuration list for PBXProject "Test0603" */;
			compatibilityVersion = "Xcode 3.2";
			developmentRegion = English;
			hasScannedForEncodings = 0;
			knownRegions = (
				en,
			);
			mainGroup = C0EF43CE1D011C3800229DC2;
			productRefGroup = C0EF43D81D011C3800229DC2 /* Products */;
			projectDirPath = "";
			projectRoot = "";
			targets = (
				C0EF43D61D011C3800229DC2 /* Test0603 */,
			);
		};
/* End PBXProject section */

/* Begin PBXSourcesBuildPhase section */
		C0EF43D31D011C3800229DC2 /* Sources */ = {
			isa = PBXSourcesBuildPhase;
			buildActionMask = 2147483647;
			files = (
				C0EF43E31D011C4D00229DC2 /* Person.m in Sources */,
				C0EF43EA1D011D1200229DC2 /* FastcampusInstructor.m in Sources */,
				C0EF43ED1D011E8300229DC2 /* SchoolTeacher.m in Sources */,
				C0EF43DB1D011C3800229DC2 /* main.m in Sources */,
			);
			runOnlyForDeploymentPostprocessing = 0;
		};
/* End PBXSourcesBuildPhase section */

/* Begin XCBuildConfiguration section */
		C0EF43DC1D011C3800229DC2 /* Debug */ = {
			isa = XCBuildConfiguration;
			buildSettings = {
				ALWAYS_SEARCH_USER_PATHS = NO;
				CLANG_ANALYZER_NONNULL = YES;
				CLANG_CXX_LANGUAGE_STANDARD = "gnu++0x";
				CLANG_CXX_LIBRARY = "libc++";
				CLANG_ENABLE_MODULES = YES;
				CLANG_ENABLE_OBJC_ARC = YES;
				CLANG_WARN_BOOL_CONVERSION = YES;
				CLANG_WARN_CONSTANT_CONVERSION = YES;
				CLANG_WARN_DIRECT_OBJC_ISA_USAGE = YES_ERROR;
				CLANG_WARN_EMPTY_BODY = YES;
				CLANG_WARN_ENUM_CONVERSION = YES;
				CLANG_WARN_INT_CONVERSION = YES;
				CLANG_WARN_OBJC_ROOT_CLASS = YES_ERROR;
				CLANG_WARN_UNREACHABLE_CODE = YES;
				CLANG_WARN__DUPLICATE_METHOD_MATCH = YES;
				CODE_SIGN_IDENTITY = "-";
				COPY_PHASE_STRIP = NO;
				DEBUG_INFORMATION_FORMAT = dwarf;
				ENABLE_STRICT_OBJC_MSGSEND = YES;
				ENABLE_TESTABILITY = YES;
				GCC_C_LANGUAGE_STANDARD = gnu99;
				GCC_DYNAMIC_NO_PIC = NO;
				GCC_NO_COMMON_BLOCKS = YES;
				GCC_OPTIMIZATION_LEVEL = 0;
				GCC_PREPROCESSOR_DEFINITIONS = (
					"DEBUG=1",
					"$(inherited)",
				);
				GCC_WARN_64_TO_32_BIT_CONVERSION = YES;
				GCC_WARN_ABOUT_RETURN_TYPE = YES_ERROR;
				GCC_WARN_UNDECLARED_SELECTOR = YES;
				GCC_WARN_UNINITIALIZED_AUTOS = YES_AGGRESSIVE;
				GCC_WARN_UNUSED_FUNCTION = YES;
				GCC_WARN_UNUSED_VARIABLE = YES;
				MACOSX_DEPLOYMENT_TARGET = 10.11;
				MTL_ENABLE_DEBUG_INFO = YES;
				ONLY_ACTIVE_ARCH = YES;
				SDKROOT = macosx;
			};
			name = Debug;
		};
		C0EF43DD1D011C3800229DC2 /* Release */ = {
			isa = XCBuildConfiguration;
			buildSettings = {
				ALWAYS_SEARCH_USER_PATHS = NO;
				CLANG_ANALYZER_NONNULL = YES;
				CLANG_CXX_LANGUAGE_STANDARD = "gnu++0x";
				CLANG_CXX_LIBRARY = "libc++";
				CLANG_ENABLE_MODULES = YES;
				CLANG_ENABLE_OBJC_ARC = YES;
				CLANG_WARN_BOOL_CONVERSION = YES;
				CLANG_WARN_CONSTANT_CONVERSION = YES;
				CLANG_WARN_DIRECT_OBJC_ISA_USAGE = YES_ERROR;
				CLANG_WARN_EMPTY_BODY = YES;
				CLANG_WARN_ENUM_CONVERSION = YES;
				CLANG_WARN_INT_CONVERSION = YES;
				CLANG_WARN_OBJC_ROOT_CLASS = YES_ERROR;
				CLANG_WARN_UNREACHABLE_CODE = YES;
				CLANG_WARN__DUPLICATE_METHOD_MATCH = YES;
				CODE_SIGN_IDENTITY = "-";
				COPY_PHASE_STRIP = NO;
				DEBUG_INFORMATION_FORMAT = "dwarf-with-dsym";
				ENABLE_NS_ASSERTIONS = NO;
				ENABLE_STRICT_OBJC_MSGSEND = YES;
				GCC_C_LANGUAGE_STANDARD = gnu99;
				GCC_NO_COMMON_BLOCKS = YES;
				GCC_WARN_64_TO_32_BIT_CONVERSION = YES;
				GCC_WARN_ABOUT_RETURN_TYPE = YES_ERROR;
				GCC_WARN_UNDECLARED_SELECTOR = YES;
				GCC_WARN_UNINITIALIZED_AUTOS = YES_AGGRESSIVE;
				GCC_WARN_UNUSED_FUNCTION = YES;
				GCC_WARN_UNUSED_VARIABLE = YES;
				MACOSX_DEPLOYMENT_TARGET = 10.11;
				MTL_ENABLE_DEBUG_INFO = NO;
				SDKROOT = macosx;
			};
			name = Release;
		};
		C0EF43DF1D011C3800229DC2 /* Debug */ = {
			isa = XCBuildConfiguration;
			buildSettings = {
				PRODUCT_NAME = "$(TARGET_NAME)";
			};
			name = Debug;
		};
		C0EF43E01D011C3800229DC2 /* Release */ = {
			isa = XCBuildConfiguration;
			buildSettings = {
				PRODUCT_NAME = "$(TARGET_NAME)";
			};
			name = Release;
		};
/* End XCBuildConfiguration section */

/* Begin XCConfigurationList section */
		C0EF43D21D011C3800229DC2 /* Build configuration list for PBXProject "Test0603" */ = {
			isa = XCConfigurationList;
			buildConfigurations = (
				C0EF43DC1D011C3800229DC2 /* Debug */,
				C0EF43DD1D011C3800229DC2 /* Release */,
			);
			defaultConfigurationIsVisible = 0;
			defaultConfigurationName = Release;
		};
		C0EF43DE1D011C3800229DC2 /* Build configuration list for PBXNativeTarget "Test0603" */ = {
			isa = XCConfigurationList;
			buildConfigurations = (
				C0EF43DF1D011C3800229DC2 /* Debug */,
				C0EF43E01D011C3800229DC2 /* Release */,
			);
			defaultConfigurationIsVisible = 0;
		};
/* End XCConfigurationList section */
	};
	rootObject = C0EF43CF1D011C3800229DC2 /* Project object */;
}
