// !$*UTF8*$!
{
	archiveVersion = 1;
	classes = {
	};
	objectVersion = 46;
	objects = {

/* Begin PBXBuildFile section */
		C0EA48FE1CFD5AE90097E413 /* main.m in Sources */ = {isa = PBXBuildFile; fileRef = C0EA48FD1CFD5AE90097E413 /* main.m */; };
		C0EA49011CFD5AE90097E413 /* AppDelegate.m in Sources */ = {isa = PBXBuildFile; fileRef = C0EA49001CFD5AE90097E413 /* AppDelegate.m */; };
		C0EA49041CFD5AE90097E413 /* ViewController.m in Sources */ = {isa = PBXBuildFile; fileRef = C0EA49031CFD5AE90097E413 /* ViewController.m */; };
		C0EA49071CFD5AE90097E413 /* Main.storyboard in Resources */ = {isa = PBXBuildFile; fileRef = C0EA49051CFD5AE90097E413 /* Main.storyboard */; };
		C0EA49091CFD5AE90097E413 /* Assets.xcassets in Resources */ = {isa = PBXBuildFile; fileRef = C0EA49081CFD5AE90097E413 /* Assets.xcassets */; };
		C0EA490C1CFD5AE90097E413 /* LaunchScreen.storyboard in Resources */ = {isa = PBXBuildFile; fileRef = C0EA490A1CFD5AE90097E413 /* LaunchScreen.storyboard */; };
		C0EA49161CFD5CBE0097E413 /* SecondViewController.m in Sources */ = {isa = PBXBuildFile; fileRef = C0EA49141CFD5CBE0097E413 /* SecondViewController.m */; };
		C0EA49171CFD5CBE0097E413 /* SecondViewController.xib in Resources */ = {isa = PBXBuildFile; fileRef = C0EA49151CFD5CBE0097E413 /* SecondViewController.xib */; };
		C0EA491B1CFD66F10097E413 /* down.png in Resources */ = {isa = PBXBuildFile; fileRef = C0EA49191CFD66F10097E413 /* down.png */; };
		C0EA491C1CFD66F10097E413 /* up.jpg in Resources */ = {isa = PBXBuildFile; fileRef = C0EA491A1CFD66F10097E413 /* up.jpg */; };
		C0EA49221CFD75F00097E413 /* MyViewController2.m in Sources */ = {isa = PBXBuildFile; fileRef = C0EA49211CFD75F00097E413 /* MyViewController2.m */; };
		C0EA49251CFD75FF0097E413 /* MyViewController3.m in Sources */ = {isa = PBXBuildFile; fileRef = C0EA49241CFD75FF0097E413 /* MyViewController3.m */; };
		C0EA49291CFD81830097E413 /* ThirdViewController.m in Sources */ = {isa = PBXBuildFile; fileRef = C0EA49271CFD81830097E413 /* ThirdViewController.m */; };
		C0EA492A1CFD81830097E413 /* ThirdViewController.xib in Resources */ = {isa = PBXBuildFile; fileRef = C0EA49281CFD81830097E413 /* ThirdViewController.xib */; };
		C0EA492D1CFD83620097E413 /* ViewController2.m in Sources */ = {isa = PBXBuildFile; fileRef = C0EA492C1CFD83620097E413 /* ViewController2.m */; };
/* End PBXBuildFile section */

/* Begin PBXFileReference section */
		C0EA48F91CFD5AE90097E413 /* TestVC.app */ = {isa = PBXFileReference; explicitFileType = wrapper.application; includeInIndex = 0; path = TestVC.app; sourceTree = BUILT_PRODUCTS_DIR; };
		C0EA48FD1CFD5AE90097E413 /* main.m */ = {isa = PBXFileReference; lastKnownFileType = sourcecode.c.objc; path = main.m; sourceTree = "<group>"; };
		C0EA48FF1CFD5AE90097E413 /* AppDelegate.h */ = {isa = PBXFileReference; lastKnownFileType = sourcecode.c.h; path = AppDelegate.h; sourceTree = "<group>"; };
		C0EA49001CFD5AE90097E413 /* AppDelegate.m */ = {isa = PBXFileReference; lastKnownFileType = sourcecode.c.objc; path = AppDelegate.m; sourceTree = "<group>"; };
		C0EA49021CFD5AE90097E413 /* ViewController.h */ = {isa = PBXFileReference; lastKnownFileType = sourcecode.c.h; path = ViewController.h; sourceTree = "<group>"; };
		C0EA49031CFD5AE90097E413 /* ViewController.m */ = {isa = PBXFileReference; lastKnownFileType = sourcecode.c.objc; path = ViewController.m; sourceTree = "<group>"; };
		C0EA49061CFD5AE90097E413 /* Base */ = {isa = PBXFileReference; lastKnownFileType = file.storyboard; name = Base; path = Base.lproj/Main.storyboard; sourceTree = "<group>"; };
		C0EA49081CFD5AE90097E413 /* Assets.xcassets */ = {isa = PBXFileReference; lastKnownFileType = folder.assetcatalog; path = Assets.xcassets; sourceTree = "<group>"; };
		C0EA490B1CFD5AE90097E413 /* Base */ = {isa = PBXFileReference; lastKnownFileType = file.storyboard; name = Base; path = Base.lproj/LaunchScreen.storyboard; sourceTree = "<group>"; };
		C0EA490D1CFD5AE90097E413 /* Info.plist */ = {isa = PBXFileReference; lastKnownFileType = text.plist.xml; path = Info.plist; sourceTree = "<group>"; };
		C0EA49131CFD5CBE0097E413 /* SecondViewController.h */ = {isa = PBXFileReference; fileEncoding = 4; lastKnownFileType = sourcecode.c.h; path = SecondViewController.h; sourceTree = "<group>"; };
		C0EA49141CFD5CBE0097E413 /* SecondViewController.m */ = {isa = PBXFileReference; fileEncoding = 4; lastKnownFileType = sourcecode.c.objc; path = SecondViewController.m; sourceTree = "<group>"; };
		C0EA49151CFD5CBE0097E413 /* SecondViewController.xib */ = {isa = PBXFileReference; fileEncoding = 4; lastKnownFileType = file.xib; path = SecondViewController.xib; sourceTree = "<group>"; };
		C0EA49191CFD66F10097E413 /* down.png */ = {isa = PBXFileReference; lastKnownFileType = image.png; path = down.png; sourceTree = "<group>"; };
		C0EA491A1CFD66F10097E413 /* up.jpg */ = {isa = PBXFileReference; lastKnownFileType = image.jpeg; path = up.jpg; sourceTree = "<group>"; };
		C0EA49201CFD75F00097E413 /* MyViewController2.h */ = {isa = PBXFileReference; fileEncoding = 4; lastKnownFileType = sourcecode.c.h; path = MyViewController2.h; sourceTree = "<group>"; };
		C0EA49211CFD75F00097E413 /* MyViewController2.m */ = {isa = PBXFileReference; fileEncoding = 4; lastKnownFileType = sourcecode.c.objc; path = MyViewController2.m; sourceTree = "<group>"; };
		C0EA49231CFD75FF0097E413 /* MyViewController3.h */ = {isa = PBXFileReference; fileEncoding = 4; lastKnownFileType = sourcecode.c.h; path = MyViewController3.h; sourceTree = "<group>"; };
		C0EA49241CFD75FF0097E413 /* MyViewController3.m */ = {isa = PBXFileReference; fileEncoding = 4; lastKnownFileType = sourcecode.c.objc; path = MyViewController3.m; sourceTree = "<group>"; };
		C0EA49261CFD81830097E413 /* ThirdViewController.h */ = {isa = PBXFileReference; fileEncoding = 4; lastKnownFileType = sourcecode.c.h; name = ThirdViewController.h; path = ../ThirdViewController.h; sourceTree = "<group>"; };
		C0EA49271CFD81830097E413 /* ThirdViewController.m */ = {isa = PBXFileReference; fileEncoding = 4; lastKnownFileType = sourcecode.c.objc; name = ThirdViewController.m; path = ../ThirdViewController.m; sourceTree = "<group>"; };
		C0EA49281CFD81830097E413 /* ThirdViewController.xib */ = {isa = PBXFileReference; fileEncoding = 4; lastKnownFileType = file.xib; name = ThirdViewController.xib; path = ../ThirdViewController.xib; sourceTree = "<group>"; };
		C0EA492B1CFD83620097E413 /* ViewController2.h */ = {isa = PBXFileReference; fileEncoding = 4; lastKnownFileType = sourcecode.c.h; path = ViewController2.h; sourceTree = "<group>"; };
		C0EA492C1CFD83620097E413 /* ViewController2.m */ = {isa = PBXFileReference; fileEncoding = 4; lastKnownFileType = sourcecode.c.objc; path = ViewController2.m; sourceTree = "<group>"; };
/* End PBXFileReference section */

/* Begin PBXFrameworksBuildPhase section */
		C0EA48F61CFD5AE90097E413 /* Frameworks */ = {
			isa = PBXFrameworksBuildPhase;
			buildActionMask = 2147483647;
			files = (
			);
			runOnlyForDeploymentPostprocessing = 0;
		};
/* End PBXFrameworksBuildPhase section */

/* Begin PBXGroup section */
		C0EA48F01CFD5AE90097E413 = {
			isa = PBXGroup;
			children = (
				C0EA49181CFD66D90097E413 /* Image */,
				C0EA48FB1CFD5AE90097E413 /* TestVC */,
				C0EA48FA1CFD5AE90097E413 /* Products */,
			);
			sourceTree = "<group>";
		};
		C0EA48FA1CFD5AE90097E413 /* Products */ = {
			isa = PBXGroup;
			children = (
				C0EA48F91CFD5AE90097E413 /* TestVC.app */,
			);
			name = Products;
			sourceTree = "<group>";
		};
		C0EA48FB1CFD5AE90097E413 /* TestVC */ = {
			isa = PBXGroup;
			children = (
				C0EA48FF1CFD5AE90097E413 /* AppDelegate.h */,
				C0EA49001CFD5AE90097E413 /* AppDelegate.m */,
				C0EA49021CFD5AE90097E413 /* ViewController.h */,
				C0EA49031CFD5AE90097E413 /* ViewController.m */,
				C0EA492B1CFD83620097E413 /* ViewController2.h */,
				C0EA492C1CFD83620097E413 /* ViewController2.m */,
				C0EA49131CFD5CBE0097E413 /* SecondViewController.h */,
				C0EA49141CFD5CBE0097E413 /* SecondViewController.m */,
				C0EA49151CFD5CBE0097E413 /* SecondViewController.xib */,
				C0EA49261CFD81830097E413 /* ThirdViewController.h */,
				C0EA49271CFD81830097E413 /* ThirdViewController.m */,
				C0EA49281CFD81830097E413 /* ThirdViewController.xib */,
				C0EA49051CFD5AE90097E413 /* Main.storyboard */,
				C0EA49081CFD5AE90097E413 /* Assets.xcassets */,
				C0EA490A1CFD5AE90097E413 /* LaunchScreen.storyboard */,
				C0EA490D1CFD5AE90097E413 /* Info.plist */,
				C0EA48FC1CFD5AE90097E413 /* Supporting Files */,
				C0EA49201CFD75F00097E413 /* MyViewController2.h */,
				C0EA49211CFD75F00097E413 /* MyViewController2.m */,
				C0EA49231CFD75FF0097E413 /* MyViewController3.h */,
				C0EA49241CFD75FF0097E413 /* MyViewController3.m */,
			);
			path = TestVC;
			sourceTree = "<group>";
		};
		C0EA48FC1CFD5AE90097E413 /* Supporting Files */ = {
			isa = PBXGroup;
			children = (
				C0EA48FD1CFD5AE90097E413 /* main.m */,
			);
			name = "Supporting Files";
			sourceTree = "<group>";
		};
		C0EA49181CFD66D90097E413 /* Image */ = {
			isa = PBXGroup;
			children = (
				C0EA49191CFD66F10097E413 /* down.png */,
				C0EA491A1CFD66F10097E413 /* up.jpg */,
			);
			name = Image;
			sourceTree = "<group>";
		};
/* End PBXGroup section */

/* Begin PBXNativeTarget section */
		C0EA48F81CFD5AE90097E413 /* TestVC */ = {
			isa = PBXNativeTarget;
			buildConfigurationList = C0EA49101CFD5AE90097E413 /* Build configuration list for PBXNativeTarget "TestVC" */;
			buildPhases = (
				C0EA48F51CFD5AE90097E413 /* Sources */,
				C0EA48F61CFD5AE90097E413 /* Frameworks */,
				C0EA48F71CFD5AE90097E413 /* Resources */,
			);
			buildRules = (
			);
			dependencies = (
			);
			name = TestVC;
			productName = TestVC;
			productReference = C0EA48F91CFD5AE90097E413 /* TestVC.app */;
			productType = "com.apple.product-type.application";
		};
/* End PBXNativeTarget section */

/* Begin PBXProject section */
		C0EA48F11CFD5AE90097E413 /* Project object */ = {
			isa = PBXProject;
			attributes = {
				LastUpgradeCheck = 0730;
				ORGANIZATIONNAME = Ubinet;
				TargetAttributes = {
					C0EA48F81CFD5AE90097E413 = {
						CreatedOnToolsVersion = 7.3;
						DevelopmentTeam = 3974CU6H64;
					};
				};
			};
			buildConfigurationList = C0EA48F41CFD5AE90097E413 /* Build configuration list for PBXProject "TestVC" */;
			compatibilityVersion = "Xcode 3.2";
			developmentRegion = English;
			hasScannedForEncodings = 0;
			knownRegions = (
				en,
				Base,
			);
			mainGroup = C0EA48F01CFD5AE90097E413;
			productRefGroup = C0EA48FA1CFD5AE90097E413 /* Products */;
			projectDirPath = "";
			projectRoot = "";
			targets = (
				C0EA48F81CFD5AE90097E413 /* TestVC */,
			);
		};
/* End PBXProject section */

/* Begin PBXResourcesBuildPhase section */
		C0EA48F71CFD5AE90097E413 /* Resources */ = {
			isa = PBXResourcesBuildPhase;
			buildActionMask = 2147483647;
			files = (
				C0EA492A1CFD81830097E413 /* ThirdViewController.xib in Resources */,
				C0EA49171CFD5CBE0097E413 /* SecondViewController.xib in Resources */,
				C0EA491B1CFD66F10097E413 /* down.png in Resources */,
				C0EA491C1CFD66F10097E413 /* up.jpg in Resources */,
				C0EA490C1CFD5AE90097E413 /* LaunchScreen.storyboard in Resources */,
				C0EA49091CFD5AE90097E413 /* Assets.xcassets in Resources */,
				C0EA49071CFD5AE90097E413 /* Main.storyboard in Resources */,
			);
			runOnlyForDeploymentPostprocessing = 0;
		};
/* End PBXResourcesBuildPhase section */

/* Begin PBXSourcesBuildPhase section */
		C0EA48F51CFD5AE90097E413 /* Sources */ = {
			isa = PBXSourcesBuildPhase;
			buildActionMask = 2147483647;
			files = (
				C0EA49161CFD5CBE0097E413 /* SecondViewController.m in Sources */,
				C0EA49041CFD5AE90097E413 /* ViewController.m in Sources */,
				C0EA49011CFD5AE90097E413 /* AppDelegate.m in Sources */,
				C0EA48FE1CFD5AE90097E413 /* main.m in Sources */,
				C0EA49221CFD75F00097E413 /* MyViewController2.m in Sources */,
				C0EA492D1CFD83620097E413 /* ViewController2.m in Sources */,
				C0EA49251CFD75FF0097E413 /* MyViewController3.m in Sources */,
				C0EA49291CFD81830097E413 /* ThirdViewController.m in Sources */,
			);
			runOnlyForDeploymentPostprocessing = 0;
		};
/* End PBXSourcesBuildPhase section */

/* Begin PBXVariantGroup section */
		C0EA49051CFD5AE90097E413 /* Main.storyboard */ = {
			isa = PBXVariantGroup;
			children = (
				C0EA49061CFD5AE90097E413 /* Base */,
			);
			name = Main.storyboard;
			sourceTree = "<group>";
		};
		C0EA490A1CFD5AE90097E413 /* LaunchScreen.storyboard */ = {
			isa = PBXVariantGroup;
			children = (
				C0EA490B1CFD5AE90097E413 /* Base */,
			);
			name = LaunchScreen.storyboard;
			sourceTree = "<group>";
		};
/* End PBXVariantGroup section */

/* Begin XCBuildConfiguration section */
		C0EA490E1CFD5AE90097E413 /* Debug */ = {
			isa = XCBuildConfiguration;
			buildSettings = {
				ALWAYS_SEARCH_USER_PATHS = NO;
				CLANG_ANALYZER_NONNULL = YES;
				CLANG_CXX_LANGUAGE_STANDARD = "gnu++0x";
				CLANG_CXX_LIBRARY = "libc++";
				CLANG_ENABLE_MODULES = YES;
				CLANG_ENABLE_OBJC_ARC = YES;
				CLANG_WARN_BOOL_CONVERSION = YES;
				CLANG_WARN_CONSTANT_CONVERSION = YES;
				CLANG_WARN_DIRECT_OBJC_ISA_USAGE = YES_ERROR;
				CLANG_WARN_EMPTY_BODY = YES;
				CLANG_WARN_ENUM_CONVERSION = YES;
				CLANG_WARN_INT_CONVERSION = YES;
				CLANG_WARN_OBJC_ROOT_CLASS = YES_ERROR;
				CLANG_WARN_UNREACHABLE_CODE = YES;
				CLANG_WARN__DUPLICATE_METHOD_MATCH = YES;
				"CODE_SIGN_IDENTITY[sdk=iphoneos*]" = "iPhone Developer";
				COPY_PHASE_STRIP = NO;
				DEBUG_INFORMATION_FORMAT = dwarf;
				ENABLE_STRICT_OBJC_MSGSEND = YES;
				ENABLE_TESTABILITY = YES;
				GCC_C_LANGUAGE_STANDARD = gnu99;
				GCC_DYNAMIC_NO_PIC = NO;
				GCC_NO_COMMON_BLOCKS = YES;
				GCC_OPTIMIZATION_LEVEL = 0;
				GCC_PREPROCESSOR_DEFINITIONS = (
					"DEBUG=1",
					"$(inherited)",
				);
				GCC_WARN_64_TO_32_BIT_CONVERSION = YES;
				GCC_WARN_ABOUT_RETURN_TYPE = YES_ERROR;
				GCC_WARN_UNDECLARED_SELECTOR = YES;
				GCC_WARN_UNINITIALIZED_AUTOS = YES_AGGRESSIVE;
				GCC_WARN_UNUSED_FUNCTION = YES;
				GCC_WARN_UNUSED_VARIABLE = YES;
				IPHONEOS_DEPLOYMENT_TARGET = 9.3;
				MTL_ENABLE_DEBUG_INFO = YES;
				ONLY_ACTIVE_ARCH = YES;
				SDKROOT = iphoneos;
				TARGETED_DEVICE_FAMILY = "1,2";
			};
			name = Debug;
		};
		C0EA490F1CFD5AE90097E413 /* Release */ = {
			isa = XCBuildConfiguration;
			buildSettings = {
				ALWAYS_SEARCH_USER_PATHS = NO;
				CLANG_ANALYZER_NONNULL = YES;
				CLANG_CXX_LANGUAGE_STANDARD = "gnu++0x";
				CLANG_CXX_LIBRARY = "libc++";
				CLANG_ENABLE_MODULES = YES;
				CLANG_ENABLE_OBJC_ARC = YES;
				CLANG_WARN_BOOL_CONVERSION = YES;
				CLANG_WARN_CONSTANT_CONVERSION = YES;
				CLANG_WARN_DIRECT_OBJC_ISA_USAGE = YES_ERROR;
				CLANG_WARN_EMPTY_BODY = YES;
				CLANG_WARN_ENUM_CONVERSION = YES;
				CLANG_WARN_INT_CONVERSION = YES;
				CLANG_WARN_OBJC_ROOT_CLASS = YES_ERROR;
				CLANG_WARN_UNREACHABLE_CODE = YES;
				CLANG_WARN__DUPLICATE_METHOD_MATCH = YES;
				"CODE_SIGN_IDENTITY[sdk=iphoneos*]" = "iPhone Developer";
				COPY_PHASE_STRIP = NO;
				DEBUG_INFORMATION_FORMAT = "dwarf-with-dsym";
				ENABLE_NS_ASSERTIONS = NO;
				ENABLE_STRICT_OBJC_MSGSEND = YES;
				GCC_C_LANGUAGE_STANDARD = gnu99;
				GCC_NO_COMMON_BLOCKS = YES;
				GCC_WARN_64_TO_32_BIT_CONVERSION = YES;
				GCC_WARN_ABOUT_RETURN_TYPE = YES_ERROR;
				GCC_WARN_UNDECLARED_SELECTOR = YES;
				GCC_WARN_UNINITIALIZED_AUTOS = YES_AGGRESSIVE;
				GCC_WARN_UNUSED_FUNCTION = YES;
				GCC_WARN_UNUSED_VARIABLE = YES;
				IPHONEOS_DEPLOYMENT_TARGET = 9.3;
				MTL_ENABLE_DEBUG_INFO = NO;
				SDKROOT = iphoneos;
				TARGETED_DEVICE_FAMILY = "1,2";
				VALIDATE_PRODUCT = YES;
			};
			name = Release;
		};
		C0EA49111CFD5AE90097E413 /* Debug */ = {
			isa = XCBuildConfiguration;
			buildSettings = {
				ASSETCATALOG_COMPILER_APPICON_NAME = AppIcon;
				INFOPLIST_FILE = TestVC/Info.plist;
				LD_RUNPATH_SEARCH_PATHS = "$(inherited) @executable_path/Frameworks";
				PRODUCT_BUNDLE_IDENTIFIER = com.test.TestVC;
				PRODUCT_NAME = "$(TARGET_NAME)";
			};
			name = Debug;
		};
		C0EA49121CFD5AE90097E413 /* Release */ = {
			isa = XCBuildConfiguration;
			buildSettings = {
				ASSETCATALOG_COMPILER_APPICON_NAME = AppIcon;
				INFOPLIST_FILE = TestVC/Info.plist;
				LD_RUNPATH_SEARCH_PATHS = "$(inherited) @executable_path/Frameworks";
				PRODUCT_BUNDLE_IDENTIFIER = com.test.TestVC;
				PRODUCT_NAME = "$(TARGET_NAME)";
			};
			name = Release;
		};
/* End XCBuildConfiguration section */

/* Begin XCConfigurationList section */
		C0EA48F41CFD5AE90097E413 /* Build configuration list for PBXProject "TestVC" */ = {
			isa = XCConfigurationList;
			buildConfigurations = (
				C0EA490E1CFD5AE90097E413 /* Debug */,
				C0EA490F1CFD5AE90097E413 /* Release */,
			);
			defaultConfigurationIsVisible = 0;
			defaultConfigurationName = Release;
		};
		C0EA49101CFD5AE90097E413 /* Build configuration list for PBXNativeTarget "TestVC" */ = {
			isa = XCConfigurationList;
			buildConfigurations = (
				C0EA49111CFD5AE90097E413 /* Debug */,
				C0EA49121CFD5AE90097E413 /* Release */,
			);
			defaultConfigurationIsVisible = 0;
		};
/* End XCConfigurationList section */
	};
	rootObject = C0EA48F11CFD5AE90097E413 /* Project object */;
}
