// !$*UTF8*$!
{
	archiveVersion = 1;
	classes = {
	};
	objectVersion = 46;
	objects = {

/* Begin PBXBuildFile section */
		C0E2C3751D0971FC009266A0 /* Main.storyboard in Resources */ = {isa = PBXBuildFile; fileRef = C0E2C3741D0971FC009266A0 /* Main.storyboard */; };
		C0EB57771D09151D002E2D92 /* main.m in Sources */ = {isa = PBXBuildFile; fileRef = C0EB57761D09151D002E2D92 /* main.m */; };
		C0EB57821D09151D002E2D92 /* Assets.xcassets in Resources */ = {isa = PBXBuildFile; fileRef = C0EB57811D09151D002E2D92 /* Assets.xcassets */; };
		C0EB57851D09151D002E2D92 /* LaunchScreen.storyboard in Resources */ = {isa = PBXBuildFile; fileRef = C0EB57831D09151D002E2D92 /* LaunchScreen.storyboard */; };
		C0EB57961D09156C002E2D92 /* AppDelegate.m in Sources */ = {isa = PBXBuildFile; fileRef = C0EB578D1D09156C002E2D92 /* AppDelegate.m */; };
		C0EB57971D09156C002E2D92 /* DataCentre.m in Sources */ = {isa = PBXBuildFile; fileRef = C0EB578F1D09156C002E2D92 /* DataCentre.m */; };
		C0EB57981D09156C002E2D92 /* LoginPageViewController.m in Sources */ = {isa = PBXBuildFile; fileRef = C0EB57911D09156C002E2D92 /* LoginPageViewController.m */; };
		C0EB57991D09156C002E2D92 /* MainViewController.m in Sources */ = {isa = PBXBuildFile; fileRef = C0EB57931D09156C002E2D92 /* MainViewController.m */; };
		C0EB579A1D09156C002E2D92 /* SignUpPageViewController.m in Sources */ = {isa = PBXBuildFile; fileRef = C0EB57951D09156C002E2D92 /* SignUpPageViewController.m */; };
/* End PBXBuildFile section */

/* Begin PBXFileReference section */
		C0E2C3741D0971FC009266A0 /* Main.storyboard */ = {isa = PBXFileReference; fileEncoding = 4; lastKnownFileType = file.storyboard; path = Main.storyboard; sourceTree = "<group>"; };
		C0EB57721D09151D002E2D92 /* RenewLogin.app */ = {isa = PBXFileReference; explicitFileType = wrapper.application; includeInIndex = 0; path = RenewLogin.app; sourceTree = BUILT_PRODUCTS_DIR; };
		C0EB57761D09151D002E2D92 /* main.m */ = {isa = PBXFileReference; lastKnownFileType = sourcecode.c.objc; path = main.m; sourceTree = "<group>"; };
		C0EB57811D09151D002E2D92 /* Assets.xcassets */ = {isa = PBXFileReference; lastKnownFileType = folder.assetcatalog; path = Assets.xcassets; sourceTree = "<group>"; };
		C0EB57841D09151D002E2D92 /* Base */ = {isa = PBXFileReference; lastKnownFileType = file.storyboard; name = Base; path = Base.lproj/LaunchScreen.storyboard; sourceTree = "<group>"; };
		C0EB57861D09151D002E2D92 /* Info.plist */ = {isa = PBXFileReference; lastKnownFileType = text.plist.xml; path = Info.plist; sourceTree = "<group>"; };
		C0EB578C1D09156C002E2D92 /* AppDelegate.h */ = {isa = PBXFileReference; fileEncoding = 4; lastKnownFileType = sourcecode.c.h; path = AppDelegate.h; sourceTree = "<group>"; };
		C0EB578D1D09156C002E2D92 /* AppDelegate.m */ = {isa = PBXFileReference; fileEncoding = 4; lastKnownFileType = sourcecode.c.objc; path = AppDelegate.m; sourceTree = "<group>"; };
		C0EB578E1D09156C002E2D92 /* DataCentre.h */ = {isa = PBXFileReference; fileEncoding = 4; lastKnownFileType = sourcecode.c.h; path = DataCentre.h; sourceTree = "<group>"; };
		C0EB578F1D09156C002E2D92 /* DataCentre.m */ = {isa = PBXFileReference; fileEncoding = 4; lastKnownFileType = sourcecode.c.objc; path = DataCentre.m; sourceTree = "<group>"; };
		C0EB57901D09156C002E2D92 /* LoginPageViewController.h */ = {isa = PBXFileReference; fileEncoding = 4; lastKnownFileType = sourcecode.c.h; path = LoginPageViewController.h; sourceTree = "<group>"; };
		C0EB57911D09156C002E2D92 /* LoginPageViewController.m */ = {isa = PBXFileReference; fileEncoding = 4; lastKnownFileType = sourcecode.c.objc; path = LoginPageViewController.m; sourceTree = "<group>"; };
		C0EB57921D09156C002E2D92 /* MainViewController.h */ = {isa = PBXFileReference; fileEncoding = 4; lastKnownFileType = sourcecode.c.h; path = MainViewController.h; sourceTree = "<group>"; };
		C0EB57931D09156C002E2D92 /* MainViewController.m */ = {isa = PBXFileReference; fileEncoding = 4; lastKnownFileType = sourcecode.c.objc; path = MainViewController.m; sourceTree = "<group>"; };
		C0EB57941D09156C002E2D92 /* SignUpPageViewController.h */ = {isa = PBXFileReference; fileEncoding = 4; lastKnownFileType = sourcecode.c.h; path = SignUpPageViewController.h; sourceTree = "<group>"; };
		C0EB57951D09156C002E2D92 /* SignUpPageViewController.m */ = {isa = PBXFileReference; fileEncoding = 4; lastKnownFileType = sourcecode.c.objc; path = SignUpPageViewController.m; sourceTree = "<group>"; };
/* End PBXFileReference section */

/* Begin PBXFrameworksBuildPhase section */
		C0EB576F1D09151D002E2D92 /* Frameworks */ = {
			isa = PBXFrameworksBuildPhase;
			buildActionMask = 2147483647;
			files = (
			);
			runOnlyForDeploymentPostprocessing = 0;
		};
/* End PBXFrameworksBuildPhase section */

/* Begin PBXGroup section */
		C0EB57691D09151D002E2D92 = {
			isa = PBXGroup;
			children = (
				C0EB57741D09151D002E2D92 /* RenewLogin */,
				C0EB57731D09151D002E2D92 /* Products */,
			);
			sourceTree = "<group>";
		};
		C0EB57731D09151D002E2D92 /* Products */ = {
			isa = PBXGroup;
			children = (
				C0EB57721D09151D002E2D92 /* RenewLogin.app */,
			);
			name = Products;
			sourceTree = "<group>";
		};
		C0EB57741D09151D002E2D92 /* RenewLogin */ = {
			isa = PBXGroup;
			children = (
				C0E2C3741D0971FC009266A0 /* Main.storyboard */,
				C0EB578C1D09156C002E2D92 /* AppDelegate.h */,
				C0EB578D1D09156C002E2D92 /* AppDelegate.m */,
				C0EB578E1D09156C002E2D92 /* DataCentre.h */,
				C0EB578F1D09156C002E2D92 /* DataCentre.m */,
				C0EB57901D09156C002E2D92 /* LoginPageViewController.h */,
				C0EB57911D09156C002E2D92 /* LoginPageViewController.m */,
				C0EB57921D09156C002E2D92 /* MainViewController.h */,
				C0EB57931D09156C002E2D92 /* MainViewController.m */,
				C0EB57941D09156C002E2D92 /* SignUpPageViewController.h */,
				C0EB57951D09156C002E2D92 /* SignUpPageViewController.m */,
				C0EB57811D09151D002E2D92 /* Assets.xcassets */,
				C0EB57831D09151D002E2D92 /* LaunchScreen.storyboard */,
				C0EB57861D09151D002E2D92 /* Info.plist */,
				C0EB57751D09151D002E2D92 /* Supporting Files */,
			);
			path = RenewLogin;
			sourceTree = "<group>";
		};
		C0EB57751D09151D002E2D92 /* Supporting Files */ = {
			isa = PBXGroup;
			children = (
				C0EB57761D09151D002E2D92 /* main.m */,
			);
			name = "Supporting Files";
			sourceTree = "<group>";
		};
/* End PBXGroup section */

/* Begin PBXNativeTarget section */
		C0EB57711D09151D002E2D92 /* RenewLogin */ = {
			isa = PBXNativeTarget;
			buildConfigurationList = C0EB57891D09151D002E2D92 /* Build configuration list for PBXNativeTarget "RenewLogin" */;
			buildPhases = (
				C0EB576E1D09151D002E2D92 /* Sources */,
				C0EB576F1D09151D002E2D92 /* Frameworks */,
				C0EB57701D09151D002E2D92 /* Resources */,
			);
			buildRules = (
			);
			dependencies = (
			);
			name = RenewLogin;
			productName = RenewLogin;
			productReference = C0EB57721D09151D002E2D92 /* RenewLogin.app */;
			productType = "com.apple.product-type.application";
		};
/* End PBXNativeTarget section */

/* Begin PBXProject section */
		C0EB576A1D09151D002E2D92 /* Project object */ = {
			isa = PBXProject;
			attributes = {
				LastUpgradeCheck = 0730;
				ORGANIZATIONNAME = Ubinet;
				TargetAttributes = {
					C0EB57711D09151D002E2D92 = {
						CreatedOnToolsVersion = 7.3;
						DevelopmentTeam = 3974CU6H64;
					};
				};
			};
			buildConfigurationList = C0EB576D1D09151D002E2D92 /* Build configuration list for PBXProject "RenewLogin" */;
			compatibilityVersion = "Xcode 3.2";
			developmentRegion = English;
			hasScannedForEncodings = 0;
			knownRegions = (
				en,
				Base,
			);
			mainGroup = C0EB57691D09151D002E2D92;
			productRefGroup = C0EB57731D09151D002E2D92 /* Products */;
			projectDirPath = "";
			projectRoot = "";
			targets = (
				C0EB57711D09151D002E2D92 /* RenewLogin */,
			);
		};
/* End PBXProject section */

/* Begin PBXResourcesBuildPhase section */
		C0EB57701D09151D002E2D92 /* Resources */ = {
			isa = PBXResourcesBuildPhase;
			buildActionMask = 2147483647;
			files = (
				C0E2C3751D0971FC009266A0 /* Main.storyboard in Resources */,
				C0EB57851D09151D002E2D92 /* LaunchScreen.storyboard in Resources */,
				C0EB57821D09151D002E2D92 /* Assets.xcassets in Resources */,
			);
			runOnlyForDeploymentPostprocessing = 0;
		};
/* End PBXResourcesBuildPhase section */

/* Begin PBXSourcesBuildPhase section */
		C0EB576E1D09151D002E2D92 /* Sources */ = {
			isa = PBXSourcesBuildPhase;
			buildActionMask = 2147483647;
			files = (
				C0EB57971D09156C002E2D92 /* DataCentre.m in Sources */,
				C0EB579A1D09156C002E2D92 /* SignUpPageViewController.m in Sources */,
				C0EB57981D09156C002E2D92 /* LoginPageViewController.m in Sources */,
				C0EB57961D09156C002E2D92 /* AppDelegate.m in Sources */,
				C0EB57991D09156C002E2D92 /* MainViewController.m in Sources */,
				C0EB57771D09151D002E2D92 /* main.m in Sources */,
			);
			runOnlyForDeploymentPostprocessing = 0;
		};
/* End PBXSourcesBuildPhase section */

/* Begin PBXVariantGroup section */
		C0EB57831D09151D002E2D92 /* LaunchScreen.storyboard */ = {
			isa = PBXVariantGroup;
			children = (
				C0EB57841D09151D002E2D92 /* Base */,
			);
			name = LaunchScreen.storyboard;
			sourceTree = "<group>";
		};
/* End PBXVariantGroup section */

/* Begin XCBuildConfiguration section */
		C0EB57871D09151D002E2D92 /* Debug */ = {
			isa = XCBuildConfiguration;
			buildSettings = {
				ALWAYS_SEARCH_USER_PATHS = NO;
				CLANG_ANALYZER_NONNULL = YES;
				CLANG_CXX_LANGUAGE_STANDARD = "gnu++0x";
				CLANG_CXX_LIBRARY = "libc++";
				CLANG_ENABLE_MODULES = YES;
				CLANG_ENABLE_OBJC_ARC = YES;
				CLANG_WARN_BOOL_CONVERSION = YES;
				CLANG_WARN_CONSTANT_CONVERSION = YES;
				CLANG_WARN_DIRECT_OBJC_ISA_USAGE = YES_ERROR;
				CLANG_WARN_EMPTY_BODY = YES;
				CLANG_WARN_ENUM_CONVERSION = YES;
				CLANG_WARN_INT_CONVERSION = YES;
				CLANG_WARN_OBJC_ROOT_CLASS = YES_ERROR;
				CLANG_WARN_UNREACHABLE_CODE = YES;
				CLANG_WARN__DUPLICATE_METHOD_MATCH = YES;
				"CODE_SIGN_IDENTITY[sdk=iphoneos*]" = "iPhone Developer";
				COPY_PHASE_STRIP = NO;
				DEBUG_INFORMATION_FORMAT = dwarf;
				ENABLE_STRICT_OBJC_MSGSEND = YES;
				ENABLE_TESTABILITY = YES;
				GCC_C_LANGUAGE_STANDARD = gnu99;
				GCC_DYNAMIC_NO_PIC = NO;
				GCC_NO_COMMON_BLOCKS = YES;
				GCC_OPTIMIZATION_LEVEL = 0;
				GCC_PREPROCESSOR_DEFINITIONS = (
					"DEBUG=1",
					"$(inherited)",
				);
				GCC_WARN_64_TO_32_BIT_CONVERSION = YES;
				GCC_WARN_ABOUT_RETURN_TYPE = YES_ERROR;
				GCC_WARN_UNDECLARED_SELECTOR = YES;
				GCC_WARN_UNINITIALIZED_AUTOS = YES_AGGRESSIVE;
				GCC_WARN_UNUSED_FUNCTION = YES;
				GCC_WARN_UNUSED_VARIABLE = YES;
				IPHONEOS_DEPLOYMENT_TARGET = 9.3;
				MTL_ENABLE_DEBUG_INFO = YES;
				ONLY_ACTIVE_ARCH = YES;
				SDKROOT = iphoneos;
				TARGETED_DEVICE_FAMILY = "1,2";
			};
			name = Debug;
		};
		C0EB57881D09151D002E2D92 /* Release */ = {
			isa = XCBuildConfiguration;
			buildSettings = {
				ALWAYS_SEARCH_USER_PATHS = NO;
				CLANG_ANALYZER_NONNULL = YES;
				CLANG_CXX_LANGUAGE_STANDARD = "gnu++0x";
				CLANG_CXX_LIBRARY = "libc++";
				CLANG_ENABLE_MODULES = YES;
				CLANG_ENABLE_OBJC_ARC = YES;
				CLANG_WARN_BOOL_CONVERSION = YES;
				CLANG_WARN_CONSTANT_CONVERSION = YES;
				CLANG_WARN_DIRECT_OBJC_ISA_USAGE = YES_ERROR;
				CLANG_WARN_EMPTY_BODY = YES;
				CLANG_WARN_ENUM_CONVERSION = YES;
				CLANG_WARN_INT_CONVERSION = YES;
				CLANG_WARN_OBJC_ROOT_CLASS = YES_ERROR;
				CLANG_WARN_UNREACHABLE_CODE = YES;
				CLANG_WARN__DUPLICATE_METHOD_MATCH = YES;
				"CODE_SIGN_IDENTITY[sdk=iphoneos*]" = "iPhone Developer";
				COPY_PHASE_STRIP = NO;
				DEBUG_INFORMATION_FORMAT = "dwarf-with-dsym";
				ENABLE_NS_ASSERTIONS = NO;
				ENABLE_STRICT_OBJC_MSGSEND = YES;
				GCC_C_LANGUAGE_STANDARD = gnu99;
				GCC_NO_COMMON_BLOCKS = YES;
				GCC_WARN_64_TO_32_BIT_CONVERSION = YES;
				GCC_WARN_ABOUT_RETURN_TYPE = YES_ERROR;
				GCC_WARN_UNDECLARED_SELECTOR = YES;
				GCC_WARN_UNINITIALIZED_AUTOS = YES_AGGRESSIVE;
				GCC_WARN_UNUSED_FUNCTION = YES;
				GCC_WARN_UNUSED_VARIABLE = YES;
				IPHONEOS_DEPLOYMENT_TARGET = 9.3;
				MTL_ENABLE_DEBUG_INFO = NO;
				SDKROOT = iphoneos;
				TARGETED_DEVICE_FAMILY = "1,2";
				VALIDATE_PRODUCT = YES;
			};
			name = Release;
		};
		C0EB578A1D09151D002E2D92 /* Debug */ = {
			isa = XCBuildConfiguration;
			buildSettings = {
				ASSETCATALOG_COMPILER_APPICON_NAME = AppIcon;
				INFOPLIST_FILE = RenewLogin/Info.plist;
				LD_RUNPATH_SEARCH_PATHS = "$(inherited) @executable_path/Frameworks";
				PRODUCT_BUNDLE_IDENTIFIER = com.test.RenewLogin;
				PRODUCT_NAME = "$(TARGET_NAME)";
			};
			name = Debug;
		};
		C0EB578B1D09151D002E2D92 /* Release */ = {
			isa = XCBuildConfiguration;
			buildSettings = {
				ASSETCATALOG_COMPILER_APPICON_NAME = AppIcon;
				INFOPLIST_FILE = RenewLogin/Info.plist;
				LD_RUNPATH_SEARCH_PATHS = "$(inherited) @executable_path/Frameworks";
				PRODUCT_BUNDLE_IDENTIFIER = com.test.RenewLogin;
				PRODUCT_NAME = "$(TARGET_NAME)";
			};
			name = Release;
		};
/* End XCBuildConfiguration section */

/* Begin XCConfigurationList section */
		C0EB576D1D09151D002E2D92 /* Build configuration list for PBXProject "RenewLogin" */ = {
			isa = XCConfigurationList;
			buildConfigurations = (
				C0EB57871D09151D002E2D92 /* Debug */,
				C0EB57881D09151D002E2D92 /* Release */,
			);
			defaultConfigurationIsVisible = 0;
			defaultConfigurationName = Release;
		};
		C0EB57891D09151D002E2D92 /* Build configuration list for PBXNativeTarget "RenewLogin" */ = {
			isa = XCConfigurationList;
			buildConfigurations = (
				C0EB578A1D09151D002E2D92 /* Debug */,
				C0EB578B1D09151D002E2D92 /* Release */,
			);
			defaultConfigurationIsVisible = 0;
			defaultConfigurationName = Release;
		};
/* End XCConfigurationList section */
	};
	rootObject = C0EB576A1D09151D002E2D92 /* Project object */;
}
