// !$*UTF8*$!
{
	archiveVersion = 1;
	classes = {
	};
	objectVersion = 46;
	objects = {

/* Begin PBXBuildFile section */
		C0CCA0DD1CE5572900568C5A /* main.m in Sources */ = {isa = PBXBuildFile; fileRef = C0CCA0DC1CE5572900568C5A /* main.m */; };
		C0CCA0E51CE5577E00568C5A /* Card.m in Sources */ = {isa = PBXBuildFile; fileRef = C0CCA0E41CE5577E00568C5A /* Card.m */; };
		C0CCA0E81CE5579500568C5A /* Dealer.m in Sources */ = {isa = PBXBuildFile; fileRef = C0CCA0E71CE5579500568C5A /* Dealer.m */; };
/* End PBXBuildFile section */

/* Begin PBXCopyFilesBuildPhase section */
		C0CCA0D71CE5572900568C5A /* CopyFiles */ = {
			isa = PBXCopyFilesBuildPhase;
			buildActionMask = 2147483647;
			dstPath = /usr/share/man/man1/;
			dstSubfolderSpec = 0;
			files = (
			);
			runOnlyForDeploymentPostprocessing = 1;
		};
/* End PBXCopyFilesBuildPhase section */

/* Begin PBXFileReference section */
		C0CCA0D91CE5572900568C5A /* CardDeck */ = {isa = PBXFileReference; explicitFileType = "compiled.mach-o.executable"; includeInIndex = 0; path = CardDeck; sourceTree = BUILT_PRODUCTS_DIR; };
		C0CCA0DC1CE5572900568C5A /* main.m */ = {isa = PBXFileReference; lastKnownFileType = sourcecode.c.objc; path = main.m; sourceTree = "<group>"; };
		C0CCA0E31CE5577E00568C5A /* Card.h */ = {isa = PBXFileReference; fileEncoding = 4; lastKnownFileType = sourcecode.c.h; path = Card.h; sourceTree = "<group>"; };
		C0CCA0E41CE5577E00568C5A /* Card.m */ = {isa = PBXFileReference; fileEncoding = 4; lastKnownFileType = sourcecode.c.objc; path = Card.m; sourceTree = "<group>"; };
		C0CCA0E61CE5579500568C5A /* Dealer.h */ = {isa = PBXFileReference; fileEncoding = 4; lastKnownFileType = sourcecode.c.h; path = Dealer.h; sourceTree = "<group>"; };
		C0CCA0E71CE5579500568C5A /* Dealer.m */ = {isa = PBXFileReference; fileEncoding = 4; lastKnownFileType = sourcecode.c.objc; path = Dealer.m; sourceTree = "<group>"; };
/* End PBXFileReference section */

/* Begin PBXFrameworksBuildPhase section */
		C0CCA0D61CE5572900568C5A /* Frameworks */ = {
			isa = PBXFrameworksBuildPhase;
			buildActionMask = 2147483647;
			files = (
			);
			runOnlyForDeploymentPostprocessing = 0;
		};
/* End PBXFrameworksBuildPhase section */

/* Begin PBXGroup section */
		C0CCA0D01CE5572900568C5A = {
			isa = PBXGroup;
			children = (
				C0CCA0DB1CE5572900568C5A /* CardDeck */,
				C0CCA0DA1CE5572900568C5A /* Products */,
			);
			sourceTree = "<group>";
		};
		C0CCA0DA1CE5572900568C5A /* Products */ = {
			isa = PBXGroup;
			children = (
				C0CCA0D91CE5572900568C5A /* CardDeck */,
			);
			name = Products;
			sourceTree = "<group>";
		};
		C0CCA0DB1CE5572900568C5A /* CardDeck */ = {
			isa = PBXGroup;
			children = (
				C0CCA0DC1CE5572900568C5A /* main.m */,
				C0CCA0E31CE5577E00568C5A /* Card.h */,
				C0CCA0E41CE5577E00568C5A /* Card.m */,
				C0CCA0E61CE5579500568C5A /* Dealer.h */,
				C0CCA0E71CE5579500568C5A /* Dealer.m */,
			);
			path = CardDeck;
			sourceTree = "<group>";
		};
/* End PBXGroup section */

/* Begin PBXNativeTarget section */
		C0CCA0D81CE5572900568C5A /* CardDeck */ = {
			isa = PBXNativeTarget;
			buildConfigurationList = C0CCA0E01CE5572900568C5A /* Build configuration list for PBXNativeTarget "CardDeck" */;
			buildPhases = (
				C0CCA0D51CE5572900568C5A /* Sources */,
				C0CCA0D61CE5572900568C5A /* Frameworks */,
				C0CCA0D71CE5572900568C5A /* CopyFiles */,
			);
			buildRules = (
			);
			dependencies = (
			);
			name = CardDeck;
			productName = CardDeck;
			productReference = C0CCA0D91CE5572900568C5A /* CardDeck */;
			productType = "com.apple.product-type.tool";
		};
/* End PBXNativeTarget section */

/* Begin PBXProject section */
		C0CCA0D11CE5572900568C5A /* Project object */ = {
			isa = PBXProject;
			attributes = {
				LastUpgradeCheck = 0730;
				ORGANIZATIONNAME = Ubinet;
				TargetAttributes = {
					C0CCA0D81CE5572900568C5A = {
						CreatedOnToolsVersion = 7.3;
					};
				};
			};
			buildConfigurationList = C0CCA0D41CE5572900568C5A /* Build configuration list for PBXProject "CardDeck" */;
			compatibilityVersion = "Xcode 3.2";
			developmentRegion = English;
			hasScannedForEncodings = 0;
			knownRegions = (
				en,
			);
			mainGroup = C0CCA0D01CE5572900568C5A;
			productRefGroup = C0CCA0DA1CE5572900568C5A /* Products */;
			projectDirPath = "";
			projectRoot = "";
			targets = (
				C0CCA0D81CE5572900568C5A /* CardDeck */,
			);
		};
/* End PBXProject section */

/* Begin PBXSourcesBuildPhase section */
		C0CCA0D51CE5572900568C5A /* Sources */ = {
			isa = PBXSourcesBuildPhase;
			buildActionMask = 2147483647;
			files = (
				C0CCA0DD1CE5572900568C5A /* main.m in Sources */,
				C0CCA0E81CE5579500568C5A /* Dealer.m in Sources */,
				C0CCA0E51CE5577E00568C5A /* Card.m in Sources */,
			);
			runOnlyForDeploymentPostprocessing = 0;
		};
/* End PBXSourcesBuildPhase section */

/* Begin XCBuildConfiguration section */
		C0CCA0DE1CE5572900568C5A /* Debug */ = {
			isa = XCBuildConfiguration;
			buildSettings = {
				ALWAYS_SEARCH_USER_PATHS = NO;
				CLANG_ANALYZER_NONNULL = YES;
				CLANG_CXX_LANGUAGE_STANDARD = "gnu++0x";
				CLANG_CXX_LIBRARY = "libc++";
				CLANG_ENABLE_MODULES = YES;
				CLANG_ENABLE_OBJC_ARC = YES;
				CLANG_WARN_BOOL_CONVERSION = YES;
				CLANG_WARN_CONSTANT_CONVERSION = YES;
				CLANG_WARN_DIRECT_OBJC_ISA_USAGE = YES_ERROR;
				CLANG_WARN_EMPTY_BODY = YES;
				CLANG_WARN_ENUM_CONVERSION = YES;
				CLANG_WARN_INT_CONVERSION = YES;
				CLANG_WARN_OBJC_ROOT_CLASS = YES_ERROR;
				CLANG_WARN_UNREACHABLE_CODE = YES;
				CLANG_WARN__DUPLICATE_METHOD_MATCH = YES;
				CODE_SIGN_IDENTITY = "-";
				COPY_PHASE_STRIP = NO;
				DEBUG_INFORMATION_FORMAT = dwarf;
				ENABLE_STRICT_OBJC_MSGSEND = YES;
				ENABLE_TESTABILITY = YES;
				GCC_C_LANGUAGE_STANDARD = gnu99;
				GCC_DYNAMIC_NO_PIC = NO;
				GCC_NO_COMMON_BLOCKS = YES;
				GCC_OPTIMIZATION_LEVEL = 0;
				GCC_PREPROCESSOR_DEFINITIONS = (
					"DEBUG=1",
					"$(inherited)",
				);
				GCC_WARN_64_TO_32_BIT_CONVERSION = YES;
				GCC_WARN_ABOUT_RETURN_TYPE = YES_ERROR;
				GCC_WARN_UNDECLARED_SELECTOR = YES;
				GCC_WARN_UNINITIALIZED_AUTOS = YES_AGGRESSIVE;
				GCC_WARN_UNUSED_FUNCTION = YES;
				GCC_WARN_UNUSED_VARIABLE = YES;
				MACOSX_DEPLOYMENT_TARGET = 10.11;
				MTL_ENABLE_DEBUG_INFO = YES;
				ONLY_ACTIVE_ARCH = YES;
				SDKROOT = macosx;
			};
			name = Debug;
		};
		C0CCA0DF1CE5572900568C5A /* Release */ = {
			isa = XCBuildConfiguration;
			buildSettings = {
				ALWAYS_SEARCH_USER_PATHS = NO;
				CLANG_ANALYZER_NONNULL = YES;
				CLANG_CXX_LANGUAGE_STANDARD = "gnu++0x";
				CLANG_CXX_LIBRARY = "libc++";
				CLANG_ENABLE_MODULES = YES;
				CLANG_ENABLE_OBJC_ARC = YES;
				CLANG_WARN_BOOL_CONVERSION = YES;
				CLANG_WARN_CONSTANT_CONVERSION = YES;
				CLANG_WARN_DIRECT_OBJC_ISA_USAGE = YES_ERROR;
				CLANG_WARN_EMPTY_BODY = YES;
				CLANG_WARN_ENUM_CONVERSION = YES;
				CLANG_WARN_INT_CONVERSION = YES;
				CLANG_WARN_OBJC_ROOT_CLASS = YES_ERROR;
				CLANG_WARN_UNREACHABLE_CODE = YES;
				CLANG_WARN__DUPLICATE_METHOD_MATCH = YES;
				CODE_SIGN_IDENTITY = "-";
				COPY_PHASE_STRIP = NO;
				DEBUG_INFORMATION_FORMAT = "dwarf-with-dsym";
				ENABLE_NS_ASSERTIONS = NO;
				ENABLE_STRICT_OBJC_MSGSEND = YES;
				GCC_C_LANGUAGE_STANDARD = gnu99;
				GCC_NO_COMMON_BLOCKS = YES;
				GCC_WARN_64_TO_32_BIT_CONVERSION = YES;
				GCC_WARN_ABOUT_RETURN_TYPE = YES_ERROR;
				GCC_WARN_UNDECLARED_SELECTOR = YES;
				GCC_WARN_UNINITIALIZED_AUTOS = YES_AGGRESSIVE;
				GCC_WARN_UNUSED_FUNCTION = YES;
				GCC_WARN_UNUSED_VARIABLE = YES;
				MACOSX_DEPLOYMENT_TARGET = 10.11;
				MTL_ENABLE_DEBUG_INFO = NO;
				SDKROOT = macosx;
			};
			name = Release;
		};
		C0CCA0E11CE5572900568C5A /* Debug */ = {
			isa = XCBuildConfiguration;
			buildSettings = {
				PRODUCT_NAME = "$(TARGET_NAME)";
			};
			name = Debug;
		};
		C0CCA0E21CE5572900568C5A /* Release */ = {
			isa = XCBuildConfiguration;
			buildSettings = {
				PRODUCT_NAME = "$(TARGET_NAME)";
			};
			name = Release;
		};
/* End XCBuildConfiguration section */

/* Begin XCConfigurationList section */
		C0CCA0D41CE5572900568C5A /* Build configuration list for PBXProject "CardDeck" */ = {
			isa = XCConfigurationList;
			buildConfigurations = (
				C0CCA0DE1CE5572900568C5A /* Debug */,
				C0CCA0DF1CE5572900568C5A /* Release */,
			);
			defaultConfigurationIsVisible = 0;
			defaultConfigurationName = Release;
		};
		C0CCA0E01CE5572900568C5A /* Build configuration list for PBXNativeTarget "CardDeck" */ = {
			isa = XCConfigurationList;
			buildConfigurations = (
				C0CCA0E11CE5572900568C5A /* Debug */,
				C0CCA0E21CE5572900568C5A /* Release */,
			);
			defaultConfigurationIsVisible = 0;
			defaultConfigurationName = Release;
		};
/* End XCConfigurationList section */
	};
	rootObject = C0CCA0D11CE5572900568C5A /* Project object */;
}
