// !$*UTF8*$!
{
	archiveVersion = 1;
	classes = {
	};
	objectVersion = 46;
	objects = {

/* Begin PBXBuildFile section */
		C01330961CEAB30B0028FA47 /* main.m in Sources */ = {isa = PBXBuildFile; fileRef = C01330951CEAB30B0028FA47 /* main.m */; };
		C01330991CEAB30B0028FA47 /* AppDelegate.m in Sources */ = {isa = PBXBuildFile; fileRef = C01330981CEAB30B0028FA47 /* AppDelegate.m */; };
		C013309C1CEAB30B0028FA47 /* ViewController.m in Sources */ = {isa = PBXBuildFile; fileRef = C013309B1CEAB30B0028FA47 /* ViewController.m */; };
		C013309F1CEAB30C0028FA47 /* Main.storyboard in Resources */ = {isa = PBXBuildFile; fileRef = C013309D1CEAB30C0028FA47 /* Main.storyboard */; };
		C01330A11CEAB30C0028FA47 /* Assets.xcassets in Resources */ = {isa = PBXBuildFile; fileRef = C01330A01CEAB30C0028FA47 /* Assets.xcassets */; };
		C01330A41CEAB30C0028FA47 /* LaunchScreen.storyboard in Resources */ = {isa = PBXBuildFile; fileRef = C01330A21CEAB30C0028FA47 /* LaunchScreen.storyboard */; };
		C01330AD1CEAB32E0028FA47 /* MyTestClass.m in Sources */ = {isa = PBXBuildFile; fileRef = C01330AC1CEAB32E0028FA47 /* MyTestClass.m */; };
		C01330C61CEAE7230028FA47 /* SecondViewController.m in Sources */ = {isa = PBXBuildFile; fileRef = C01330C51CEAE7230028FA47 /* SecondViewController.m */; };
/* End PBXBuildFile section */

/* Begin PBXFileReference section */
		C01330911CEAB30B0028FA47 /* Test17.app */ = {isa = PBXFileReference; explicitFileType = wrapper.application; includeInIndex = 0; path = Test17.app; sourceTree = BUILT_PRODUCTS_DIR; };
		C01330951CEAB30B0028FA47 /* main.m */ = {isa = PBXFileReference; lastKnownFileType = sourcecode.c.objc; path = main.m; sourceTree = "<group>"; };
		C01330971CEAB30B0028FA47 /* AppDelegate.h */ = {isa = PBXFileReference; lastKnownFileType = sourcecode.c.h; path = AppDelegate.h; sourceTree = "<group>"; };
		C01330981CEAB30B0028FA47 /* AppDelegate.m */ = {isa = PBXFileReference; lastKnownFileType = sourcecode.c.objc; path = AppDelegate.m; sourceTree = "<group>"; };
		C013309A1CEAB30B0028FA47 /* ViewController.h */ = {isa = PBXFileReference; lastKnownFileType = sourcecode.c.h; path = ViewController.h; sourceTree = "<group>"; };
		C013309B1CEAB30B0028FA47 /* ViewController.m */ = {isa = PBXFileReference; lastKnownFileType = sourcecode.c.objc; path = ViewController.m; sourceTree = "<group>"; };
		C013309E1CEAB30C0028FA47 /* Base */ = {isa = PBXFileReference; lastKnownFileType = file.storyboard; name = Base; path = Base.lproj/Main.storyboard; sourceTree = "<group>"; };
		C01330A01CEAB30C0028FA47 /* Assets.xcassets */ = {isa = PBXFileReference; lastKnownFileType = folder.assetcatalog; path = Assets.xcassets; sourceTree = "<group>"; };
		C01330A31CEAB30C0028FA47 /* Base */ = {isa = PBXFileReference; lastKnownFileType = file.storyboard; name = Base; path = Base.lproj/LaunchScreen.storyboard; sourceTree = "<group>"; };
		C01330A51CEAB30C0028FA47 /* Info.plist */ = {isa = PBXFileReference; lastKnownFileType = text.plist.xml; path = Info.plist; sourceTree = "<group>"; };
		C01330AB1CEAB32E0028FA47 /* MyTestClass.h */ = {isa = PBXFileReference; fileEncoding = 4; lastKnownFileType = sourcecode.c.h; path = MyTestClass.h; sourceTree = "<group>"; };
		C01330AC1CEAB32E0028FA47 /* MyTestClass.m */ = {isa = PBXFileReference; fileEncoding = 4; lastKnownFileType = sourcecode.c.objc; path = MyTestClass.m; sourceTree = "<group>"; };
		C01330C41CEAE7230028FA47 /* SecondViewController.h */ = {isa = PBXFileReference; fileEncoding = 4; lastKnownFileType = sourcecode.c.h; path = SecondViewController.h; sourceTree = "<group>"; };
		C01330C51CEAE7230028FA47 /* SecondViewController.m */ = {isa = PBXFileReference; fileEncoding = 4; lastKnownFileType = sourcecode.c.objc; path = SecondViewController.m; sourceTree = "<group>"; };
/* End PBXFileReference section */

/* Begin PBXFrameworksBuildPhase section */
		C013308E1CEAB30B0028FA47 /* Frameworks */ = {
			isa = PBXFrameworksBuildPhase;
			buildActionMask = 2147483647;
			files = (
			);
			runOnlyForDeploymentPostprocessing = 0;
		};
/* End PBXFrameworksBuildPhase section */

/* Begin PBXGroup section */
		C01330881CEAB30B0028FA47 = {
			isa = PBXGroup;
			children = (
				C01330931CEAB30B0028FA47 /* Test17 */,
				C01330921CEAB30B0028FA47 /* Products */,
			);
			sourceTree = "<group>";
		};
		C01330921CEAB30B0028FA47 /* Products */ = {
			isa = PBXGroup;
			children = (
				C01330911CEAB30B0028FA47 /* Test17.app */,
			);
			name = Products;
			sourceTree = "<group>";
		};
		C01330931CEAB30B0028FA47 /* Test17 */ = {
			isa = PBXGroup;
			children = (
				C01330971CEAB30B0028FA47 /* AppDelegate.h */,
				C01330981CEAB30B0028FA47 /* AppDelegate.m */,
				C013309A1CEAB30B0028FA47 /* ViewController.h */,
				C013309B1CEAB30B0028FA47 /* ViewController.m */,
				C01330C41CEAE7230028FA47 /* SecondViewController.h */,
				C01330C51CEAE7230028FA47 /* SecondViewController.m */,
				C013309D1CEAB30C0028FA47 /* Main.storyboard */,
				C01330A01CEAB30C0028FA47 /* Assets.xcassets */,
				C01330A21CEAB30C0028FA47 /* LaunchScreen.storyboard */,
				C01330A51CEAB30C0028FA47 /* Info.plist */,
				C01330941CEAB30B0028FA47 /* Supporting Files */,
				C01330AB1CEAB32E0028FA47 /* MyTestClass.h */,
				C01330AC1CEAB32E0028FA47 /* MyTestClass.m */,
			);
			path = Test17;
			sourceTree = "<group>";
		};
		C01330941CEAB30B0028FA47 /* Supporting Files */ = {
			isa = PBXGroup;
			children = (
				C01330951CEAB30B0028FA47 /* main.m */,
			);
			name = "Supporting Files";
			sourceTree = "<group>";
		};
/* End PBXGroup section */

/* Begin PBXNativeTarget section */
		C01330901CEAB30B0028FA47 /* Test17 */ = {
			isa = PBXNativeTarget;
			buildConfigurationList = C01330A81CEAB30C0028FA47 /* Build configuration list for PBXNativeTarget "Test17" */;
			buildPhases = (
				C013308D1CEAB30B0028FA47 /* Sources */,
				C013308E1CEAB30B0028FA47 /* Frameworks */,
				C013308F1CEAB30B0028FA47 /* Resources */,
			);
			buildRules = (
			);
			dependencies = (
			);
			name = Test17;
			productName = Test17;
			productReference = C01330911CEAB30B0028FA47 /* Test17.app */;
			productType = "com.apple.product-type.application";
		};
/* End PBXNativeTarget section */

/* Begin PBXProject section */
		C01330891CEAB30B0028FA47 /* Project object */ = {
			isa = PBXProject;
			attributes = {
				LastUpgradeCheck = 0730;
				ORGANIZATIONNAME = Ubinet;
				TargetAttributes = {
					C01330901CEAB30B0028FA47 = {
						CreatedOnToolsVersion = 7.3;
					};
				};
			};
			buildConfigurationList = C013308C1CEAB30B0028FA47 /* Build configuration list for PBXProject "Test17" */;
			compatibilityVersion = "Xcode 3.2";
			developmentRegion = English;
			hasScannedForEncodings = 0;
			knownRegions = (
				en,
				Base,
			);
			mainGroup = C01330881CEAB30B0028FA47;
			productRefGroup = C01330921CEAB30B0028FA47 /* Products */;
			projectDirPath = "";
			projectRoot = "";
			targets = (
				C01330901CEAB30B0028FA47 /* Test17 */,
			);
		};
/* End PBXProject section */

/* Begin PBXResourcesBuildPhase section */
		C013308F1CEAB30B0028FA47 /* Resources */ = {
			isa = PBXResourcesBuildPhase;
			buildActionMask = 2147483647;
			files = (
				C01330A41CEAB30C0028FA47 /* LaunchScreen.storyboard in Resources */,
				C01330A11CEAB30C0028FA47 /* Assets.xcassets in Resources */,
				C013309F1CEAB30C0028FA47 /* Main.storyboard in Resources */,
			);
			runOnlyForDeploymentPostprocessing = 0;
		};
/* End PBXResourcesBuildPhase section */

/* Begin PBXSourcesBuildPhase section */
		C013308D1CEAB30B0028FA47 /* Sources */ = {
			isa = PBXSourcesBuildPhase;
			buildActionMask = 2147483647;
			files = (
				C01330C61CEAE7230028FA47 /* SecondViewController.m in Sources */,
				C01330AD1CEAB32E0028FA47 /* MyTestClass.m in Sources */,
				C013309C1CEAB30B0028FA47 /* ViewController.m in Sources */,
				C01330991CEAB30B0028FA47 /* AppDelegate.m in Sources */,
				C01330961CEAB30B0028FA47 /* main.m in Sources */,
			);
			runOnlyForDeploymentPostprocessing = 0;
		};
/* End PBXSourcesBuildPhase section */

/* Begin PBXVariantGroup section */
		C013309D1CEAB30C0028FA47 /* Main.storyboard */ = {
			isa = PBXVariantGroup;
			children = (
				C013309E1CEAB30C0028FA47 /* Base */,
			);
			name = Main.storyboard;
			sourceTree = "<group>";
		};
		C01330A21CEAB30C0028FA47 /* LaunchScreen.storyboard */ = {
			isa = PBXVariantGroup;
			children = (
				C01330A31CEAB30C0028FA47 /* Base */,
			);
			name = LaunchScreen.storyboard;
			sourceTree = "<group>";
		};
/* End PBXVariantGroup section */

/* Begin XCBuildConfiguration section */
		C01330A61CEAB30C0028FA47 /* Debug */ = {
			isa = XCBuildConfiguration;
			buildSettings = {
				ALWAYS_SEARCH_USER_PATHS = NO;
				CLANG_ANALYZER_NONNULL = YES;
				CLANG_CXX_LANGUAGE_STANDARD = "gnu++0x";
				CLANG_CXX_LIBRARY = "libc++";
				CLANG_ENABLE_MODULES = YES;
				CLANG_ENABLE_OBJC_ARC = YES;
				CLANG_WARN_BOOL_CONVERSION = YES;
				CLANG_WARN_CONSTANT_CONVERSION = YES;
				CLANG_WARN_DIRECT_OBJC_ISA_USAGE = YES_ERROR;
				CLANG_WARN_EMPTY_BODY = YES;
				CLANG_WARN_ENUM_CONVERSION = YES;
				CLANG_WARN_INT_CONVERSION = YES;
				CLANG_WARN_OBJC_ROOT_CLASS = YES_ERROR;
				CLANG_WARN_UNREACHABLE_CODE = YES;
				CLANG_WARN__DUPLICATE_METHOD_MATCH = YES;
				"CODE_SIGN_IDENTITY[sdk=iphoneos*]" = "iPhone Developer";
				COPY_PHASE_STRIP = NO;
				DEBUG_INFORMATION_FORMAT = dwarf;
				ENABLE_STRICT_OBJC_MSGSEND = YES;
				ENABLE_TESTABILITY = YES;
				GCC_C_LANGUAGE_STANDARD = gnu99;
				GCC_DYNAMIC_NO_PIC = NO;
				GCC_NO_COMMON_BLOCKS = YES;
				GCC_OPTIMIZATION_LEVEL = 0;
				GCC_PREPROCESSOR_DEFINITIONS = (
					"DEBUG=1",
					"$(inherited)",
				);
				GCC_WARN_64_TO_32_BIT_CONVERSION = YES;
				GCC_WARN_ABOUT_RETURN_TYPE = YES_ERROR;
				GCC_WARN_UNDECLARED_SELECTOR = YES;
				GCC_WARN_UNINITIALIZED_AUTOS = YES_AGGRESSIVE;
				GCC_WARN_UNUSED_FUNCTION = YES;
				GCC_WARN_UNUSED_VARIABLE = YES;
				IPHONEOS_DEPLOYMENT_TARGET = 9.3;
				MTL_ENABLE_DEBUG_INFO = YES;
				ONLY_ACTIVE_ARCH = YES;
				SDKROOT = iphoneos;
				TARGETED_DEVICE_FAMILY = "1,2";
			};
			name = Debug;
		};
		C01330A71CEAB30C0028FA47 /* Release */ = {
			isa = XCBuildConfiguration;
			buildSettings = {
				ALWAYS_SEARCH_USER_PATHS = NO;
				CLANG_ANALYZER_NONNULL = YES;
				CLANG_CXX_LANGUAGE_STANDARD = "gnu++0x";
				CLANG_CXX_LIBRARY = "libc++";
				CLANG_ENABLE_MODULES = YES;
				CLANG_ENABLE_OBJC_ARC = YES;
				CLANG_WARN_BOOL_CONVERSION = YES;
				CLANG_WARN_CONSTANT_CONVERSION = YES;
				CLANG_WARN_DIRECT_OBJC_ISA_USAGE = YES_ERROR;
				CLANG_WARN_EMPTY_BODY = YES;
				CLANG_WARN_ENUM_CONVERSION = YES;
				CLANG_WARN_INT_CONVERSION = YES;
				CLANG_WARN_OBJC_ROOT_CLASS = YES_ERROR;
				CLANG_WARN_UNREACHABLE_CODE = YES;
				CLANG_WARN__DUPLICATE_METHOD_MATCH = YES;
				"CODE_SIGN_IDENTITY[sdk=iphoneos*]" = "iPhone Developer";
				COPY_PHASE_STRIP = NO;
				DEBUG_INFORMATION_FORMAT = "dwarf-with-dsym";
				ENABLE_NS_ASSERTIONS = NO;
				ENABLE_STRICT_OBJC_MSGSEND = YES;
				GCC_C_LANGUAGE_STANDARD = gnu99;
				GCC_NO_COMMON_BLOCKS = YES;
				GCC_WARN_64_TO_32_BIT_CONVERSION = YES;
				GCC_WARN_ABOUT_RETURN_TYPE = YES_ERROR;
				GCC_WARN_UNDECLARED_SELECTOR = YES;
				GCC_WARN_UNINITIALIZED_AUTOS = YES_AGGRESSIVE;
				GCC_WARN_UNUSED_FUNCTION = YES;
				GCC_WARN_UNUSED_VARIABLE = YES;
				IPHONEOS_DEPLOYMENT_TARGET = 9.3;
				MTL_ENABLE_DEBUG_INFO = NO;
				SDKROOT = iphoneos;
				TARGETED_DEVICE_FAMILY = "1,2";
				VALIDATE_PRODUCT = YES;
			};
			name = Release;
		};
		C01330A91CEAB30C0028FA47 /* Debug */ = {
			isa = XCBuildConfiguration;
			buildSettings = {
				ASSETCATALOG_COMPILER_APPICON_NAME = AppIcon;
				INFOPLIST_FILE = Test17/Info.plist;
				LD_RUNPATH_SEARCH_PATHS = "$(inherited) @executable_path/Frameworks";
				PRODUCT_BUNDLE_IDENTIFIER = com.test.Test17;
				PRODUCT_NAME = "$(TARGET_NAME)";
			};
			name = Debug;
		};
		C01330AA1CEAB30C0028FA47 /* Release */ = {
			isa = XCBuildConfiguration;
			buildSettings = {
				ASSETCATALOG_COMPILER_APPICON_NAME = AppIcon;
				INFOPLIST_FILE = Test17/Info.plist;
				LD_RUNPATH_SEARCH_PATHS = "$(inherited) @executable_path/Frameworks";
				PRODUCT_BUNDLE_IDENTIFIER = com.test.Test17;
				PRODUCT_NAME = "$(TARGET_NAME)";
			};
			name = Release;
		};
/* End XCBuildConfiguration section */

/* Begin XCConfigurationList section */
		C013308C1CEAB30B0028FA47 /* Build configuration list for PBXProject "Test17" */ = {
			isa = XCConfigurationList;
			buildConfigurations = (
				C01330A61CEAB30C0028FA47 /* Debug */,
				C01330A71CEAB30C0028FA47 /* Release */,
			);
			defaultConfigurationIsVisible = 0;
			defaultConfigurationName = Release;
		};
		C01330A81CEAB30C0028FA47 /* Build configuration list for PBXNativeTarget "Test17" */ = {
			isa = XCConfigurationList;
			buildConfigurations = (
				C01330A91CEAB30C0028FA47 /* Debug */,
				C01330AA1CEAB30C0028FA47 /* Release */,
			);
			defaultConfigurationIsVisible = 0;
			defaultConfigurationName = Release;
		};
/* End XCConfigurationList section */
	};
	rootObject = C01330891CEAB30B0028FA47 /* Project object */;
}
