// !$*UTF8*$!
{
	archiveVersion = 1;
	classes = {
	};
	objectVersion = 46;
	objects = {

/* Begin PBXBuildFile section */
		C0B3E9341D17C251009B8B3C /* main.m in Sources */ = {isa = PBXBuildFile; fileRef = C0B3E9331D17C251009B8B3C /* main.m */; };
		C0B3E9371D17C251009B8B3C /* AppDelegate.m in Sources */ = {isa = PBXBuildFile; fileRef = C0B3E9361D17C251009B8B3C /* AppDelegate.m */; };
		C0B3E93A1D17C251009B8B3C /* ViewController.m in Sources */ = {isa = PBXBuildFile; fileRef = C0B3E9391D17C251009B8B3C /* ViewController.m */; };
		C0B3E93D1D17C251009B8B3C /* Main.storyboard in Resources */ = {isa = PBXBuildFile; fileRef = C0B3E93B1D17C251009B8B3C /* Main.storyboard */; };
		C0B3E93F1D17C251009B8B3C /* Assets.xcassets in Resources */ = {isa = PBXBuildFile; fileRef = C0B3E93E1D17C251009B8B3C /* Assets.xcassets */; };
		C0B3E9421D17C251009B8B3C /* LaunchScreen.storyboard in Resources */ = {isa = PBXBuildFile; fileRef = C0B3E9401D17C251009B8B3C /* LaunchScreen.storyboard */; };
/* End PBXBuildFile section */

/* Begin PBXFileReference section */
		C0B3E92F1D17C250009B8B3C /* practice.app */ = {isa = PBXFileReference; explicitFileType = wrapper.application; includeInIndex = 0; path = practice.app; sourceTree = BUILT_PRODUCTS_DIR; };
		C0B3E9331D17C251009B8B3C /* main.m */ = {isa = PBXFileReference; lastKnownFileType = sourcecode.c.objc; path = main.m; sourceTree = "<group>"; };
		C0B3E9351D17C251009B8B3C /* AppDelegate.h */ = {isa = PBXFileReference; lastKnownFileType = sourcecode.c.h; path = AppDelegate.h; sourceTree = "<group>"; };
		C0B3E9361D17C251009B8B3C /* AppDelegate.m */ = {isa = PBXFileReference; lastKnownFileType = sourcecode.c.objc; path = AppDelegate.m; sourceTree = "<group>"; };
		C0B3E9381D17C251009B8B3C /* ViewController.h */ = {isa = PBXFileReference; lastKnownFileType = sourcecode.c.h; path = ViewController.h; sourceTree = "<group>"; };
		C0B3E9391D17C251009B8B3C /* ViewController.m */ = {isa = PBXFileReference; lastKnownFileType = sourcecode.c.objc; path = ViewController.m; sourceTree = "<group>"; };
		C0B3E93C1D17C251009B8B3C /* Base */ = {isa = PBXFileReference; lastKnownFileType = file.storyboard; name = Base; path = Base.lproj/Main.storyboard; sourceTree = "<group>"; };
		C0B3E93E1D17C251009B8B3C /* Assets.xcassets */ = {isa = PBXFileReference; lastKnownFileType = folder.assetcatalog; path = Assets.xcassets; sourceTree = "<group>"; };
		C0B3E9411D17C251009B8B3C /* Base */ = {isa = PBXFileReference; lastKnownFileType = file.storyboard; name = Base; path = Base.lproj/LaunchScreen.storyboard; sourceTree = "<group>"; };
		C0B3E9431D17C251009B8B3C /* Info.plist */ = {isa = PBXFileReference; lastKnownFileType = text.plist.xml; path = Info.plist; sourceTree = "<group>"; };
/* End PBXFileReference section */

/* Begin PBXFrameworksBuildPhase section */
		C0B3E92C1D17C250009B8B3C /* Frameworks */ = {
			isa = PBXFrameworksBuildPhase;
			buildActionMask = 2147483647;
			files = (
			);
			runOnlyForDeploymentPostprocessing = 0;
		};
/* End PBXFrameworksBuildPhase section */

/* Begin PBXGroup section */
		C0B3E9261D17C250009B8B3C = {
			isa = PBXGroup;
			children = (
				C0B3E9311D17C250009B8B3C /* practice */,
				C0B3E9301D17C250009B8B3C /* Products */,
			);
			sourceTree = "<group>";
		};
		C0B3E9301D17C250009B8B3C /* Products */ = {
			isa = PBXGroup;
			children = (
				C0B3E92F1D17C250009B8B3C /* practice.app */,
			);
			name = Products;
			sourceTree = "<group>";
		};
		C0B3E9311D17C250009B8B3C /* practice */ = {
			isa = PBXGroup;
			children = (
				C0B3E9351D17C251009B8B3C /* AppDelegate.h */,
				C0B3E9361D17C251009B8B3C /* AppDelegate.m */,
				C0B3E9381D17C251009B8B3C /* ViewController.h */,
				C0B3E9391D17C251009B8B3C /* ViewController.m */,
				C0B3E93B1D17C251009B8B3C /* Main.storyboard */,
				C0B3E93E1D17C251009B8B3C /* Assets.xcassets */,
				C0B3E9401D17C251009B8B3C /* LaunchScreen.storyboard */,
				C0B3E9431D17C251009B8B3C /* Info.plist */,
				C0B3E9321D17C251009B8B3C /* Supporting Files */,
			);
			path = practice;
			sourceTree = "<group>";
		};
		C0B3E9321D17C251009B8B3C /* Supporting Files */ = {
			isa = PBXGroup;
			children = (
				C0B3E9331D17C251009B8B3C /* main.m */,
			);
			name = "Supporting Files";
			sourceTree = "<group>";
		};
/* End PBXGroup section */

/* Begin PBXNativeTarget section */
		C0B3E92E1D17C250009B8B3C /* practice */ = {
			isa = PBXNativeTarget;
			buildConfigurationList = C0B3E9461D17C251009B8B3C /* Build configuration list for PBXNativeTarget "practice" */;
			buildPhases = (
				C0B3E92B1D17C250009B8B3C /* Sources */,
				C0B3E92C1D17C250009B8B3C /* Frameworks */,
				C0B3E92D1D17C250009B8B3C /* Resources */,
			);
			buildRules = (
			);
			dependencies = (
			);
			name = practice;
			productName = practice;
			productReference = C0B3E92F1D17C250009B8B3C /* practice.app */;
			productType = "com.apple.product-type.application";
		};
/* End PBXNativeTarget section */

/* Begin PBXProject section */
		C0B3E9271D17C250009B8B3C /* Project object */ = {
			isa = PBXProject;
			attributes = {
				LastUpgradeCheck = 0730;
				ORGANIZATIONNAME = Ubinet;
				TargetAttributes = {
					C0B3E92E1D17C250009B8B3C = {
						CreatedOnToolsVersion = 7.3;
						DevelopmentTeam = 3974CU6H64;
					};
				};
			};
			buildConfigurationList = C0B3E92A1D17C250009B8B3C /* Build configuration list for PBXProject "practice" */;
			compatibilityVersion = "Xcode 3.2";
			developmentRegion = English;
			hasScannedForEncodings = 0;
			knownRegions = (
				en,
				Base,
			);
			mainGroup = C0B3E9261D17C250009B8B3C;
			productRefGroup = C0B3E9301D17C250009B8B3C /* Products */;
			projectDirPath = "";
			projectRoot = "";
			targets = (
				C0B3E92E1D17C250009B8B3C /* practice */,
			);
		};
/* End PBXProject section */

/* Begin PBXResourcesBuildPhase section */
		C0B3E92D1D17C250009B8B3C /* Resources */ = {
			isa = PBXResourcesBuildPhase;
			buildActionMask = 2147483647;
			files = (
				C0B3E9421D17C251009B8B3C /* LaunchScreen.storyboard in Resources */,
				C0B3E93F1D17C251009B8B3C /* Assets.xcassets in Resources */,
				C0B3E93D1D17C251009B8B3C /* Main.storyboard in Resources */,
			);
			runOnlyForDeploymentPostprocessing = 0;
		};
/* End PBXResourcesBuildPhase section */

/* Begin PBXSourcesBuildPhase section */
		C0B3E92B1D17C250009B8B3C /* Sources */ = {
			isa = PBXSourcesBuildPhase;
			buildActionMask = 2147483647;
			files = (
				C0B3E93A1D17C251009B8B3C /* ViewController.m in Sources */,
				C0B3E9371D17C251009B8B3C /* AppDelegate.m in Sources */,
				C0B3E9341D17C251009B8B3C /* main.m in Sources */,
			);
			runOnlyForDeploymentPostprocessing = 0;
		};
/* End PBXSourcesBuildPhase section */

/* Begin PBXVariantGroup section */
		C0B3E93B1D17C251009B8B3C /* Main.storyboard */ = {
			isa = PBXVariantGroup;
			children = (
				C0B3E93C1D17C251009B8B3C /* Base */,
			);
			name = Main.storyboard;
			sourceTree = "<group>";
		};
		C0B3E9401D17C251009B8B3C /* LaunchScreen.storyboard */ = {
			isa = PBXVariantGroup;
			children = (
				C0B3E9411D17C251009B8B3C /* Base */,
			);
			name = LaunchScreen.storyboard;
			sourceTree = "<group>";
		};
/* End PBXVariantGroup section */

/* Begin XCBuildConfiguration section */
		C0B3E9441D17C251009B8B3C /* Debug */ = {
			isa = XCBuildConfiguration;
			buildSettings = {
				ALWAYS_SEARCH_USER_PATHS = NO;
				CLANG_ANALYZER_NONNULL = YES;
				CLANG_CXX_LANGUAGE_STANDARD = "gnu++0x";
				CLANG_CXX_LIBRARY = "libc++";
				CLANG_ENABLE_MODULES = YES;
				CLANG_ENABLE_OBJC_ARC = YES;
				CLANG_WARN_BOOL_CONVERSION = YES;
				CLANG_WARN_CONSTANT_CONVERSION = YES;
				CLANG_WARN_DIRECT_OBJC_ISA_USAGE = YES_ERROR;
				CLANG_WARN_EMPTY_BODY = YES;
				CLANG_WARN_ENUM_CONVERSION = YES;
				CLANG_WARN_INT_CONVERSION = YES;
				CLANG_WARN_OBJC_ROOT_CLASS = YES_ERROR;
				CLANG_WARN_UNREACHABLE_CODE = YES;
				CLANG_WARN__DUPLICATE_METHOD_MATCH = YES;
				"CODE_SIGN_IDENTITY[sdk=iphoneos*]" = "iPhone Developer";
				COPY_PHASE_STRIP = NO;
				DEBUG_INFORMATION_FORMAT = dwarf;
				ENABLE_STRICT_OBJC_MSGSEND = YES;
				ENABLE_TESTABILITY = YES;
				GCC_C_LANGUAGE_STANDARD = gnu99;
				GCC_DYNAMIC_NO_PIC = NO;
				GCC_NO_COMMON_BLOCKS = YES;
				GCC_OPTIMIZATION_LEVEL = 0;
				GCC_PREPROCESSOR_DEFINITIONS = (
					"DEBUG=1",
					"$(inherited)",
				);
				GCC_WARN_64_TO_32_BIT_CONVERSION = YES;
				GCC_WARN_ABOUT_RETURN_TYPE = YES_ERROR;
				GCC_WARN_UNDECLARED_SELECTOR = YES;
				GCC_WARN_UNINITIALIZED_AUTOS = YES_AGGRESSIVE;
				GCC_WARN_UNUSED_FUNCTION = YES;
				GCC_WARN_UNUSED_VARIABLE = YES;
				IPHONEOS_DEPLOYMENT_TARGET = 9.3;
				MTL_ENABLE_DEBUG_INFO = YES;
				ONLY_ACTIVE_ARCH = YES;
				SDKROOT = iphoneos;
				TARGETED_DEVICE_FAMILY = "1,2";
			};
			name = Debug;
		};
		C0B3E9451D17C251009B8B3C /* Release */ = {
			isa = XCBuildConfiguration;
			buildSettings = {
				ALWAYS_SEARCH_USER_PATHS = NO;
				CLANG_ANALYZER_NONNULL = YES;
				CLANG_CXX_LANGUAGE_STANDARD = "gnu++0x";
				CLANG_CXX_LIBRARY = "libc++";
				CLANG_ENABLE_MODULES = YES;
				CLANG_ENABLE_OBJC_ARC = YES;
				CLANG_WARN_BOOL_CONVERSION = YES;
				CLANG_WARN_CONSTANT_CONVERSION = YES;
				CLANG_WARN_DIRECT_OBJC_ISA_USAGE = YES_ERROR;
				CLANG_WARN_EMPTY_BODY = YES;
				CLANG_WARN_ENUM_CONVERSION = YES;
				CLANG_WARN_INT_CONVERSION = YES;
				CLANG_WARN_OBJC_ROOT_CLASS = YES_ERROR;
				CLANG_WARN_UNREACHABLE_CODE = YES;
				CLANG_WARN__DUPLICATE_METHOD_MATCH = YES;
				"CODE_SIGN_IDENTITY[sdk=iphoneos*]" = "iPhone Developer";
				COPY_PHASE_STRIP = NO;
				DEBUG_INFORMATION_FORMAT = "dwarf-with-dsym";
				ENABLE_NS_ASSERTIONS = NO;
				ENABLE_STRICT_OBJC_MSGSEND = YES;
				GCC_C_LANGUAGE_STANDARD = gnu99;
				GCC_NO_COMMON_BLOCKS = YES;
				GCC_WARN_64_TO_32_BIT_CONVERSION = YES;
				GCC_WARN_ABOUT_RETURN_TYPE = YES_ERROR;
				GCC_WARN_UNDECLARED_SELECTOR = YES;
				GCC_WARN_UNINITIALIZED_AUTOS = YES_AGGRESSIVE;
				GCC_WARN_UNUSED_FUNCTION = YES;
				GCC_WARN_UNUSED_VARIABLE = YES;
				IPHONEOS_DEPLOYMENT_TARGET = 9.3;
				MTL_ENABLE_DEBUG_INFO = NO;
				SDKROOT = iphoneos;
				TARGETED_DEVICE_FAMILY = "1,2";
				VALIDATE_PRODUCT = YES;
			};
			name = Release;
		};
		C0B3E9471D17C251009B8B3C /* Debug */ = {
			isa = XCBuildConfiguration;
			buildSettings = {
				ASSETCATALOG_COMPILER_APPICON_NAME = AppIcon;
				INFOPLIST_FILE = practice/Info.plist;
				LD_RUNPATH_SEARCH_PATHS = "$(inherited) @executable_path/Frameworks";
				PRODUCT_BUNDLE_IDENTIFIER = com.test.practice;
				PRODUCT_NAME = "$(TARGET_NAME)";
			};
			name = Debug;
		};
		C0B3E9481D17C251009B8B3C /* Release */ = {
			isa = XCBuildConfiguration;
			buildSettings = {
				ASSETCATALOG_COMPILER_APPICON_NAME = AppIcon;
				INFOPLIST_FILE = practice/Info.plist;
				LD_RUNPATH_SEARCH_PATHS = "$(inherited) @executable_path/Frameworks";
				PRODUCT_BUNDLE_IDENTIFIER = com.test.practice;
				PRODUCT_NAME = "$(TARGET_NAME)";
			};
			name = Release;
		};
/* End XCBuildConfiguration section */

/* Begin XCConfigurationList section */
		C0B3E92A1D17C250009B8B3C /* Build configuration list for PBXProject "practice" */ = {
			isa = XCConfigurationList;
			buildConfigurations = (
				C0B3E9441D17C251009B8B3C /* Debug */,
				C0B3E9451D17C251009B8B3C /* Release */,
			);
			defaultConfigurationIsVisible = 0;
			defaultConfigurationName = Release;
		};
		C0B3E9461D17C251009B8B3C /* Build configuration list for PBXNativeTarget "practice" */ = {
			isa = XCConfigurationList;
			buildConfigurations = (
				C0B3E9471D17C251009B8B3C /* Debug */,
				C0B3E9481D17C251009B8B3C /* Release */,
			);
			defaultConfigurationIsVisible = 0;
		};
/* End XCConfigurationList section */
	};
	rootObject = C0B3E9271D17C250009B8B3C /* Project object */;
}
