// !$*UTF8*$!
{
	archiveVersion = 1;
	classes = {
	};
	objectVersion = 46;
	objects = {

/* Begin PBXBuildFile section */
		C0ADBE8B1CF6D85100D574D9 /* button.png in Resources */ = {isa = PBXBuildFile; fileRef = C0ADBE8A1CF6D85100D574D9 /* button.png */; };
		C0ADBE8E1CF6E2F700D574D9 /* UITextTest.m in Sources */ = {isa = PBXBuildFile; fileRef = C0ADBE8D1CF6E2F700D574D9 /* UITextTest.m */; };
		C0E557411CF7E48100C84009 /* ScrollViewController.m in Sources */ = {isa = PBXBuildFile; fileRef = C0E557401CF7E48100C84009 /* ScrollViewController.m */; };
		C0F3B7E41CF6954F00F6F26B /* main.m in Sources */ = {isa = PBXBuildFile; fileRef = C0F3B7E31CF6954F00F6F26B /* main.m */; };
		C0F3B7E71CF6954F00F6F26B /* AppDelegate.m in Sources */ = {isa = PBXBuildFile; fileRef = C0F3B7E61CF6954F00F6F26B /* AppDelegate.m */; };
		C0F3B7EA1CF6954F00F6F26B /* ViewController.m in Sources */ = {isa = PBXBuildFile; fileRef = C0F3B7E91CF6954F00F6F26B /* ViewController.m */; };
		C0F3B7ED1CF6954F00F6F26B /* Main.storyboard in Resources */ = {isa = PBXBuildFile; fileRef = C0F3B7EB1CF6954F00F6F26B /* Main.storyboard */; };
		C0F3B7EF1CF6954F00F6F26B /* Assets.xcassets in Resources */ = {isa = PBXBuildFile; fileRef = C0F3B7EE1CF6954F00F6F26B /* Assets.xcassets */; };
		C0F3B7F21CF6954F00F6F26B /* LaunchScreen.storyboard in Resources */ = {isa = PBXBuildFile; fileRef = C0F3B7F01CF6954F00F6F26B /* LaunchScreen.storyboard */; };
/* End PBXBuildFile section */

/* Begin PBXFileReference section */
		C0ADBE8A1CF6D85100D574D9 /* button.png */ = {isa = PBXFileReference; lastKnownFileType = image.png; path = button.png; sourceTree = "<group>"; };
		C0ADBE8C1CF6E2F700D574D9 /* UITextTest.h */ = {isa = PBXFileReference; fileEncoding = 4; lastKnownFileType = sourcecode.c.h; path = UITextTest.h; sourceTree = "<group>"; };
		C0ADBE8D1CF6E2F700D574D9 /* UITextTest.m */ = {isa = PBXFileReference; fileEncoding = 4; lastKnownFileType = sourcecode.c.objc; path = UITextTest.m; sourceTree = "<group>"; };
		C0E5573F1CF7E48100C84009 /* ScrollViewController.h */ = {isa = PBXFileReference; fileEncoding = 4; lastKnownFileType = sourcecode.c.h; path = ScrollViewController.h; sourceTree = "<group>"; };
		C0E557401CF7E48100C84009 /* ScrollViewController.m */ = {isa = PBXFileReference; fileEncoding = 4; lastKnownFileType = sourcecode.c.objc; path = ScrollViewController.m; sourceTree = "<group>"; };
		C0F3B7DF1CF6954F00F6F26B /* UIButtonTest.app */ = {isa = PBXFileReference; explicitFileType = wrapper.application; includeInIndex = 0; path = UIButtonTest.app; sourceTree = BUILT_PRODUCTS_DIR; };
		C0F3B7E31CF6954F00F6F26B /* main.m */ = {isa = PBXFileReference; lastKnownFileType = sourcecode.c.objc; path = main.m; sourceTree = "<group>"; };
		C0F3B7E51CF6954F00F6F26B /* AppDelegate.h */ = {isa = PBXFileReference; lastKnownFileType = sourcecode.c.h; path = AppDelegate.h; sourceTree = "<group>"; };
		C0F3B7E61CF6954F00F6F26B /* AppDelegate.m */ = {isa = PBXFileReference; lastKnownFileType = sourcecode.c.objc; path = AppDelegate.m; sourceTree = "<group>"; };
		C0F3B7E81CF6954F00F6F26B /* ViewController.h */ = {isa = PBXFileReference; lastKnownFileType = sourcecode.c.h; path = ViewController.h; sourceTree = "<group>"; };
		C0F3B7E91CF6954F00F6F26B /* ViewController.m */ = {isa = PBXFileReference; lastKnownFileType = sourcecode.c.objc; path = ViewController.m; sourceTree = "<group>"; };
		C0F3B7EC1CF6954F00F6F26B /* Base */ = {isa = PBXFileReference; lastKnownFileType = file.storyboard; name = Base; path = Base.lproj/Main.storyboard; sourceTree = "<group>"; };
		C0F3B7EE1CF6954F00F6F26B /* Assets.xcassets */ = {isa = PBXFileReference; lastKnownFileType = folder.assetcatalog; path = Assets.xcassets; sourceTree = "<group>"; };
		C0F3B7F11CF6954F00F6F26B /* Base */ = {isa = PBXFileReference; lastKnownFileType = file.storyboard; name = Base; path = Base.lproj/LaunchScreen.storyboard; sourceTree = "<group>"; };
		C0F3B7F31CF6954F00F6F26B /* Info.plist */ = {isa = PBXFileReference; lastKnownFileType = text.plist.xml; path = Info.plist; sourceTree = "<group>"; };
/* End PBXFileReference section */

/* Begin PBXFrameworksBuildPhase section */
		C0F3B7DC1CF6954F00F6F26B /* Frameworks */ = {
			isa = PBXFrameworksBuildPhase;
			buildActionMask = 2147483647;
			files = (
			);
			runOnlyForDeploymentPostprocessing = 0;
		};
/* End PBXFrameworksBuildPhase section */

/* Begin PBXGroup section */
		C0F3B7D61CF6954F00F6F26B = {
			isa = PBXGroup;
			children = (
				C0F3B7E11CF6954F00F6F26B /* UIButtonTest */,
				C0F3B7E01CF6954F00F6F26B /* Products */,
			);
			sourceTree = "<group>";
		};
		C0F3B7E01CF6954F00F6F26B /* Products */ = {
			isa = PBXGroup;
			children = (
				C0F3B7DF1CF6954F00F6F26B /* UIButtonTest.app */,
			);
			name = Products;
			sourceTree = "<group>";
		};
		C0F3B7E11CF6954F00F6F26B /* UIButtonTest */ = {
			isa = PBXGroup;
			children = (
				C0F3B7E51CF6954F00F6F26B /* AppDelegate.h */,
				C0F3B7E61CF6954F00F6F26B /* AppDelegate.m */,
				C0F3B7E81CF6954F00F6F26B /* ViewController.h */,
				C0F3B7E91CF6954F00F6F26B /* ViewController.m */,
				C0F3B7EB1CF6954F00F6F26B /* Main.storyboard */,
				C0F3B7EE1CF6954F00F6F26B /* Assets.xcassets */,
				C0F3B7F01CF6954F00F6F26B /* LaunchScreen.storyboard */,
				C0F3B7F31CF6954F00F6F26B /* Info.plist */,
				C0ADBE8A1CF6D85100D574D9 /* button.png */,
				C0F3B7E21CF6954F00F6F26B /* Supporting Files */,
				C0ADBE8C1CF6E2F700D574D9 /* UITextTest.h */,
				C0ADBE8D1CF6E2F700D574D9 /* UITextTest.m */,
				C0E5573F1CF7E48100C84009 /* ScrollViewController.h */,
				C0E557401CF7E48100C84009 /* ScrollViewController.m */,
			);
			path = UIButtonTest;
			sourceTree = "<group>";
		};
		C0F3B7E21CF6954F00F6F26B /* Supporting Files */ = {
			isa = PBXGroup;
			children = (
				C0F3B7E31CF6954F00F6F26B /* main.m */,
			);
			name = "Supporting Files";
			sourceTree = "<group>";
		};
/* End PBXGroup section */

/* Begin PBXNativeTarget section */
		C0F3B7DE1CF6954F00F6F26B /* UIButtonTest */ = {
			isa = PBXNativeTarget;
			buildConfigurationList = C0F3B7F61CF6954F00F6F26B /* Build configuration list for PBXNativeTarget "UIButtonTest" */;
			buildPhases = (
				C0F3B7DB1CF6954F00F6F26B /* Sources */,
				C0F3B7DC1CF6954F00F6F26B /* Frameworks */,
				C0F3B7DD1CF6954F00F6F26B /* Resources */,
			);
			buildRules = (
			);
			dependencies = (
			);
			name = UIButtonTest;
			productName = UIButtonTest;
			productReference = C0F3B7DF1CF6954F00F6F26B /* UIButtonTest.app */;
			productType = "com.apple.product-type.application";
		};
/* End PBXNativeTarget section */

/* Begin PBXProject section */
		C0F3B7D71CF6954F00F6F26B /* Project object */ = {
			isa = PBXProject;
			attributes = {
				LastUpgradeCheck = 0730;
				ORGANIZATIONNAME = Ubinet;
				TargetAttributes = {
					C0F3B7DE1CF6954F00F6F26B = {
						CreatedOnToolsVersion = 7.3;
						DevelopmentTeam = 3974CU6H64;
					};
				};
			};
			buildConfigurationList = C0F3B7DA1CF6954F00F6F26B /* Build configuration list for PBXProject "UIButtonTest" */;
			compatibilityVersion = "Xcode 3.2";
			developmentRegion = English;
			hasScannedForEncodings = 0;
			knownRegions = (
				en,
				Base,
			);
			mainGroup = C0F3B7D61CF6954F00F6F26B;
			productRefGroup = C0F3B7E01CF6954F00F6F26B /* Products */;
			projectDirPath = "";
			projectRoot = "";
			targets = (
				C0F3B7DE1CF6954F00F6F26B /* UIButtonTest */,
			);
		};
/* End PBXProject section */

/* Begin PBXResourcesBuildPhase section */
		C0F3B7DD1CF6954F00F6F26B /* Resources */ = {
			isa = PBXResourcesBuildPhase;
			buildActionMask = 2147483647;
			files = (
				C0F3B7F21CF6954F00F6F26B /* LaunchScreen.storyboard in Resources */,
				C0ADBE8B1CF6D85100D574D9 /* button.png in Resources */,
				C0F3B7EF1CF6954F00F6F26B /* Assets.xcassets in Resources */,
				C0F3B7ED1CF6954F00F6F26B /* Main.storyboard in Resources */,
			);
			runOnlyForDeploymentPostprocessing = 0;
		};
/* End PBXResourcesBuildPhase section */

/* Begin PBXSourcesBuildPhase section */
		C0F3B7DB1CF6954F00F6F26B /* Sources */ = {
			isa = PBXSourcesBuildPhase;
			buildActionMask = 2147483647;
			files = (
				C0E557411CF7E48100C84009 /* ScrollViewController.m in Sources */,
				C0F3B7EA1CF6954F00F6F26B /* ViewController.m in Sources */,
				C0F3B7E71CF6954F00F6F26B /* AppDelegate.m in Sources */,
				C0ADBE8E1CF6E2F700D574D9 /* UITextTest.m in Sources */,
				C0F3B7E41CF6954F00F6F26B /* main.m in Sources */,
			);
			runOnlyForDeploymentPostprocessing = 0;
		};
/* End PBXSourcesBuildPhase section */

/* Begin PBXVariantGroup section */
		C0F3B7EB1CF6954F00F6F26B /* Main.storyboard */ = {
			isa = PBXVariantGroup;
			children = (
				C0F3B7EC1CF6954F00F6F26B /* Base */,
			);
			name = Main.storyboard;
			sourceTree = "<group>";
		};
		C0F3B7F01CF6954F00F6F26B /* LaunchScreen.storyboard */ = {
			isa = PBXVariantGroup;
			children = (
				C0F3B7F11CF6954F00F6F26B /* Base */,
			);
			name = LaunchScreen.storyboard;
			sourceTree = "<group>";
		};
/* End PBXVariantGroup section */

/* Begin XCBuildConfiguration section */
		C0F3B7F41CF6954F00F6F26B /* Debug */ = {
			isa = XCBuildConfiguration;
			buildSettings = {
				ALWAYS_SEARCH_USER_PATHS = NO;
				CLANG_ANALYZER_NONNULL = YES;
				CLANG_CXX_LANGUAGE_STANDARD = "gnu++0x";
				CLANG_CXX_LIBRARY = "libc++";
				CLANG_ENABLE_MODULES = YES;
				CLANG_ENABLE_OBJC_ARC = YES;
				CLANG_WARN_BOOL_CONVERSION = YES;
				CLANG_WARN_CONSTANT_CONVERSION = YES;
				CLANG_WARN_DIRECT_OBJC_ISA_USAGE = YES_ERROR;
				CLANG_WARN_EMPTY_BODY = YES;
				CLANG_WARN_ENUM_CONVERSION = YES;
				CLANG_WARN_INT_CONVERSION = YES;
				CLANG_WARN_OBJC_ROOT_CLASS = YES_ERROR;
				CLANG_WARN_UNREACHABLE_CODE = YES;
				CLANG_WARN__DUPLICATE_METHOD_MATCH = YES;
				"CODE_SIGN_IDENTITY[sdk=iphoneos*]" = "iPhone Developer";
				COPY_PHASE_STRIP = NO;
				DEBUG_INFORMATION_FORMAT = dwarf;
				ENABLE_STRICT_OBJC_MSGSEND = YES;
				ENABLE_TESTABILITY = YES;
				GCC_C_LANGUAGE_STANDARD = gnu99;
				GCC_DYNAMIC_NO_PIC = NO;
				GCC_NO_COMMON_BLOCKS = YES;
				GCC_OPTIMIZATION_LEVEL = 0;
				GCC_PREPROCESSOR_DEFINITIONS = (
					"DEBUG=1",
					"$(inherited)",
				);
				GCC_WARN_64_TO_32_BIT_CONVERSION = YES;
				GCC_WARN_ABOUT_RETURN_TYPE = YES_ERROR;
				GCC_WARN_UNDECLARED_SELECTOR = YES;
				GCC_WARN_UNINITIALIZED_AUTOS = YES_AGGRESSIVE;
				GCC_WARN_UNUSED_FUNCTION = YES;
				GCC_WARN_UNUSED_VARIABLE = YES;
				IPHONEOS_DEPLOYMENT_TARGET = 9.3;
				MTL_ENABLE_DEBUG_INFO = YES;
				ONLY_ACTIVE_ARCH = YES;
				SDKROOT = iphoneos;
				TARGETED_DEVICE_FAMILY = "1,2";
			};
			name = Debug;
		};
		C0F3B7F51CF6954F00F6F26B /* Release */ = {
			isa = XCBuildConfiguration;
			buildSettings = {
				ALWAYS_SEARCH_USER_PATHS = NO;
				CLANG_ANALYZER_NONNULL = YES;
				CLANG_CXX_LANGUAGE_STANDARD = "gnu++0x";
				CLANG_CXX_LIBRARY = "libc++";
				CLANG_ENABLE_MODULES = YES;
				CLANG_ENABLE_OBJC_ARC = YES;
				CLANG_WARN_BOOL_CONVERSION = YES;
				CLANG_WARN_CONSTANT_CONVERSION = YES;
				CLANG_WARN_DIRECT_OBJC_ISA_USAGE = YES_ERROR;
				CLANG_WARN_EMPTY_BODY = YES;
				CLANG_WARN_ENUM_CONVERSION = YES;
				CLANG_WARN_INT_CONVERSION = YES;
				CLANG_WARN_OBJC_ROOT_CLASS = YES_ERROR;
				CLANG_WARN_UNREACHABLE_CODE = YES;
				CLANG_WARN__DUPLICATE_METHOD_MATCH = YES;
				"CODE_SIGN_IDENTITY[sdk=iphoneos*]" = "iPhone Developer";
				COPY_PHASE_STRIP = NO;
				DEBUG_INFORMATION_FORMAT = "dwarf-with-dsym";
				ENABLE_NS_ASSERTIONS = NO;
				ENABLE_STRICT_OBJC_MSGSEND = YES;
				GCC_C_LANGUAGE_STANDARD = gnu99;
				GCC_NO_COMMON_BLOCKS = YES;
				GCC_WARN_64_TO_32_BIT_CONVERSION = YES;
				GCC_WARN_ABOUT_RETURN_TYPE = YES_ERROR;
				GCC_WARN_UNDECLARED_SELECTOR = YES;
				GCC_WARN_UNINITIALIZED_AUTOS = YES_AGGRESSIVE;
				GCC_WARN_UNUSED_FUNCTION = YES;
				GCC_WARN_UNUSED_VARIABLE = YES;
				IPHONEOS_DEPLOYMENT_TARGET = 9.3;
				MTL_ENABLE_DEBUG_INFO = NO;
				SDKROOT = iphoneos;
				TARGETED_DEVICE_FAMILY = "1,2";
				VALIDATE_PRODUCT = YES;
			};
			name = Release;
		};
		C0F3B7F71CF6954F00F6F26B /* Debug */ = {
			isa = XCBuildConfiguration;
			buildSettings = {
				ASSETCATALOG_COMPILER_APPICON_NAME = AppIcon;
				CODE_SIGN_IDENTITY = "iPhone Developer";
				INFOPLIST_FILE = UIButtonTest/Info.plist;
				IPHONEOS_DEPLOYMENT_TARGET = 8.1;
				LD_RUNPATH_SEARCH_PATHS = "$(inherited) @executable_path/Frameworks";
				PRODUCT_BUNDLE_IDENTIFIER = com.test.UIButtonTest;
				PRODUCT_NAME = "$(TARGET_NAME)";
			};
			name = Debug;
		};
		C0F3B7F81CF6954F00F6F26B /* Release */ = {
			isa = XCBuildConfiguration;
			buildSettings = {
				ASSETCATALOG_COMPILER_APPICON_NAME = AppIcon;
				CODE_SIGN_IDENTITY = "iPhone Developer";
				INFOPLIST_FILE = UIButtonTest/Info.plist;
				IPHONEOS_DEPLOYMENT_TARGET = 8.1;
				LD_RUNPATH_SEARCH_PATHS = "$(inherited) @executable_path/Frameworks";
				PRODUCT_BUNDLE_IDENTIFIER = com.test.UIButtonTest;
				PRODUCT_NAME = "$(TARGET_NAME)";
			};
			name = Release;
		};
/* End XCBuildConfiguration section */

/* Begin XCConfigurationList section */
		C0F3B7DA1CF6954F00F6F26B /* Build configuration list for PBXProject "UIButtonTest" */ = {
			isa = XCConfigurationList;
			buildConfigurations = (
				C0F3B7F41CF6954F00F6F26B /* Debug */,
				C0F3B7F51CF6954F00F6F26B /* Release */,
			);
			defaultConfigurationIsVisible = 0;
			defaultConfigurationName = Release;
		};
		C0F3B7F61CF6954F00F6F26B /* Build configuration list for PBXNativeTarget "UIButtonTest" */ = {
			isa = XCConfigurationList;
			buildConfigurations = (
				C0F3B7F71CF6954F00F6F26B /* Debug */,
				C0F3B7F81CF6954F00F6F26B /* Release */,
			);
			defaultConfigurationIsVisible = 0;
			defaultConfigurationName = Release;
		};
/* End XCConfigurationList section */
	};
	rootObject = C0F3B7D71CF6954F00F6F26B /* Project object */;
}
